{
  "version": 4,
  "terraform_version": "1.6.6",
  "serial": 57,
  "lineage": "f4d26174-19c9-aa3c-554e-d19e375e194b",
  "outputs": {
    "bastion_host_public_ip": {
      "value": "3.89.183.186",
      "type": "string"
    },
    "kafka_broker_ips": {
      "value": [
        "10.0.4.192",
        "10.0.5.232",
        "10.0.6.241"
      ],
      "type": [
        "tuple",
        [
          "string",
          "string",
          "string"
        ]
      ]
    }
  },
  "resources": [
    {
      "mode": "data",
      "type": "tls_public_key",
      "name": "bastion-public-key",
      "provider": "provider[\"registry.terraform.io/hashicorp/tls\"]",
      "instances": [
        {
          "schema_version": 0,
          "attributes": {
            "algorithm": "RSA",
            "id": "bba78976b7700c5dc351b2073ddffb7aa74239a7",
            "private_key_openssh": null,
            "private_key_pem": "-----BEGIN RSA PRIVATE KEY-----\nMIIEogIBAAKCAQEAwtFlG5X5RgPsG+eQpNlDyieFGN9XvjAD9XTOy5sQuyYerRgk\nP2qy1zrCDkkMQCuEZ5VUPK+dt7+WARpoeAaAqR6Mbxqyat/3jv+M4iDgBrHQtRkB\nYqtunFH7BqdOmsD4DwMAdfTk5yQ/mvDUeKSyy2mer3gtj+5WV4PhQvO/dVN67+IB\n/2fQtrnsVX71kPqxMt8ftyrx6mUKHC6hIAgPuro0RWmcaKr4VhXvtXj1Fv5YCgup\nVCFnfg84khEI7+rU3sw5Zb74OrtVY7I2yCvmS8+b7UYP/vOnOsQMAr8s2Gn249qe\nWfo6nYCSPlRygeQQ891PKhCIjAwEy1F/XvTg1QIDAQABAoIBAB1RtBy1smEmH/eH\nHw6gIAKhdfdrTWIzCbV8Ec80lA0GTKGSO4pLvYSEtEXAGpbhtbh9EcNcTqkjrSiX\nV9eQavaIwWvLIcTR1gjwTryNZAm94wIONFYsJKZj9BppPXwuxGZF9mDKLVTX8LaZ\nvfA2IS5Zw+b2eCzsGpRrJZCU7GB0n27Wigir/6Vm2vu09loxEU8pC5GZOeGi7eHl\nhQRWIBdTa1Us46e26gk1NY3yfg8/1iqz6F+wwQpzE4T5hrtb2JgRTBlKU/xvt+PV\nx1dLad56pEPqTmCO0VD1rAj0T7tmAEMrf6MhewHUOJnrHPFXi4PtFRCM0YMWdFuj\nOJ1hIyECgYEA0EgXu0DO5co3SRBlLI0DbF2kBrqA586T6VrvKtfSOuEC8yoCaLiQ\n2zCyqARBOyL0HpuRxXCYCQlPhmredpWhmnnvgn5kXaN2iWieDMLy9twXYSul/2yw\nKPAcylqYb0ozcLCMZP2zzrpxBXgvhf0a3UsQhIX8RXoYwVWLtPAKIc0CgYEA73Ol\nZZMEXZXU4Yx64jA8OEpb9uP8W7DOkiIn2D4Bi7jKeGcpZ/JguDOa6Ld4xVq/uJLx\nGiwhjbdFG8PdQ2YUsflAy39JcKcb/HOSvrfURnfh5RakFIvLr4Jatqyh9bR6fBlo\neF1CIps1sYYD8B1dv9VTAhd0bQRMaM7JB1XgUykCgYBPLokvHBVMENNxyHTeOgHK\nKdNY54BoIAXlWjfAjuoSjkaD0T23OCuB2QKik3OFGuW52STS7dou3UZJcMmARaR5\nSNAASTK40pMW7Bnh+h9KMCQHQgPKljRma9pWJ5j5/jiOJ+BH6Jd6CTE8hhNzGeUj\nqgzuhM2CUEenAHGraPJBJQKBgEXPnqINidFLFKSpk04MqBH1Q/ioIXQOCTu7r4gx\nE7xLpOQTl5PRq3covHoqu5A2U/0ZAigSQ7oQe5qLsR+sTE5TEBwEQUIRxmwEufzW\nlZHx868Zub6vvzOtOotVq2Z6NtelhLrK3bQ/MhlOrCk+No3uQOQ0OGJsRWatGxkD\nZYJ5AoGARHVyAXfsrmR9PYRYGz2LSWuIo+xEcdGE4cV3PWZDDWmWROrbWM//jOLC\nT9QvhlSw6eeyr+qRB+8TCXo3RfWoj9h4xK4sIP+30KOjd/h5iKCA+cyPDlaffYP3\noGATKfz6TEn5T/oZXiPdd6fwK3ApVkRQaxi3Jscscpk5ByaCMNk=\n-----END RSA PRIVATE KEY-----\n",
            "public_key_fingerprint_md5": "3f:8d:1f:10:d2:86:58:e6:2d:20:98:26:c0:66:55:7c",
            "public_key_fingerprint_sha256": "SHA256:mVUSWgZ8+c3M/w2GEM/lAmlTJBdNB4u4E9tQ7DiK3zo",
            "public_key_openssh": "ssh-rsa AAAAB3NzaC1yc2EAAAADAQABAAABAQDC0WUblflGA+wb55Ck2UPKJ4UY31e+MAP1dM7LmxC7Jh6tGCQ/arLXOsIOSQxAK4RnlVQ8r523v5YBGmh4BoCpHoxvGrJq3/eO/4ziIOAGsdC1GQFiq26cUfsGp06awPgPAwB19OTnJD+a8NR4pLLLaZ6veC2P7lZXg+FC8791U3rv4gH/Z9C2uexVfvWQ+rEy3x+3KvHqZQocLqEgCA+6ujRFaZxoqvhWFe+1ePUW/lgKC6lUIWd+DziSEQjv6tTezDllvvg6u1VjsjbIK+ZLz5vtRg/+86c6xAwCvyzYafbj2p5Z+jqdgJI+VHKB5BDz3U8qEIiMDATLUX9e9ODV\n",
            "public_key_pem": "-----BEGIN PUBLIC KEY-----\nMIIBIjANBgkqhkiG9w0BAQEFAAOCAQ8AMIIBCgKCAQEAwtFlG5X5RgPsG+eQpNlD\nyieFGN9XvjAD9XTOy5sQuyYerRgkP2qy1zrCDkkMQCuEZ5VUPK+dt7+WARpoeAaA\nqR6Mbxqyat/3jv+M4iDgBrHQtRkBYqtunFH7BqdOmsD4DwMAdfTk5yQ/mvDUeKSy\ny2mer3gtj+5WV4PhQvO/dVN67+IB/2fQtrnsVX71kPqxMt8ftyrx6mUKHC6hIAgP\nuro0RWmcaKr4VhXvtXj1Fv5YCgupVCFnfg84khEI7+rU3sw5Zb74OrtVY7I2yCvm\nS8+b7UYP/vOnOsQMAr8s2Gn249qeWfo6nYCSPlRygeQQ891PKhCIjAwEy1F/XvTg\n1QIDAQAB\n-----END PUBLIC KEY-----\n"
          },
          "sensitive_attributes": [
            [
              {
                "type": "get_attr",
                "value": "private_key_pem"
              }
            ]
          ]
        }
      ]
    },
    {
      "mode": "managed",
      "type": "aws_instance",
      "name": "bastion_host",
      "provider": "provider[\"registry.terraform.io/hashicorp/aws\"]",
      "instances": [
        {
          "schema_version": 1,
          "attributes": {
            "ami": "ami-0005e0cfe09cc9050",
            "arn": "arn:aws:ec2:us-east-1:538871673508:instance/i-01596f4582aa61a77",
            "associate_public_ip_address": true,
            "availability_zone": "us-east-1a",
            "capacity_reservation_specification": [
              {
                "capacity_reservation_preference": "open",
                "capacity_reservation_target": []
              }
            ],
            "cpu_core_count": 2,
            "cpu_options": [
              {
                "amd_sev_snp": "",
                "core_count": 2,
                "threads_per_core": 1
              }
            ],
            "cpu_threads_per_core": 1,
            "credit_specification": [
              {
                "cpu_credits": "standard"
              }
            ],
            "disable_api_stop": false,
            "disable_api_termination": false,
            "ebs_block_device": [],
            "ebs_optimized": false,
            "enclave_options": [
              {
                "enabled": false
              }
            ],
            "ephemeral_block_device": [],
            "get_password_data": false,
            "hibernation": false,
            "host_id": "",
            "host_resource_group_arn": null,
            "iam_instance_profile": "",
            "id": "i-01596f4582aa61a77",
            "instance_initiated_shutdown_behavior": "stop",
            "instance_lifecycle": "",
            "instance_market_options": [],
            "instance_state": "running",
            "instance_type": "t2.medium",
            "ipv6_address_count": 0,
            "ipv6_addresses": [],
            "key_name": "bastion-key-pair",
            "launch_template": [],
            "maintenance_options": [
              {
                "auto_recovery": "default"
              }
            ],
            "metadata_options": [
              {
                "http_endpoint": "enabled",
                "http_protocol_ipv6": "disabled",
                "http_put_response_hop_limit": 2,
                "http_tokens": "required",
                "instance_metadata_tags": "disabled"
              }
            ],
            "monitoring": false,
            "network_interface": [],
            "outpost_arn": "",
            "password_data": "",
            "placement_group": "",
            "placement_partition_number": 0,
            "primary_network_interface_id": "eni-00e2216dc09ae21e5",
            "private_dns": "ip-10-0-1-188.ec2.internal",
            "private_dns_name_options": [
              {
                "enable_resource_name_dns_a_record": false,
                "enable_resource_name_dns_aaaa_record": false,
                "hostname_type": "ip-name"
              }
            ],
            "private_ip": "10.0.1.188",
            "public_dns": "",
            "public_ip": "3.89.183.186",
            "root_block_device": [
              {
                "delete_on_termination": true,
                "device_name": "/dev/xvda",
                "encrypted": false,
                "iops": 3000,
                "kms_key_id": "",
                "tags": {},
                "throughput": 125,
                "volume_id": "vol-0fdd1469fcb563d46",
                "volume_size": 8,
                "volume_type": "gp3"
              }
            ],
            "secondary_private_ips": [],
            "security_groups": [],
            "source_dest_check": true,
            "spot_instance_request_id": "",
            "subnet_id": "subnet-0bc2a1d2368dcda17",
            "tags": {
              "Name": "bastion-host"
            },
            "tags_all": {
              "Name": "bastion-host"
            },
            "tenancy": "default",
            "timeouts": null,
            "user_data": null,
            "user_data_base64": null,
            "user_data_replace_on_change": false,
            "volume_tags": null,
            "vpc_security_group_ids": [
              "sg-00bff312f21c25b22"
            ]
          },
          "sensitive_attributes": [],
          "private": "eyJlMmJmYjczMC1lY2FhLTExZTYtOGY4OC0zNDM2M2JjN2M0YzAiOnsiY3JlYXRlIjo2MDAwMDAwMDAwMDAsImRlbGV0ZSI6MTIwMDAwMDAwMDAwMCwidXBkYXRlIjo2MDAwMDAwMDAwMDB9LCJzY2hlbWFfdmVyc2lvbiI6IjEifQ==",
          "dependencies": [
            "aws_key_pair.key_pair",
            "aws_security_group.bastion_sg",
            "aws_subnet.public_subnets",
            "aws_vpc.main",
            "data.tls_public_key.bastion-public-key",
            "tls_private_key.bastion-private-key"
          ]
        }
      ]
    },
    {
      "mode": "managed",
      "type": "aws_instance",
      "name": "kafka_broker",
      "provider": "provider[\"registry.terraform.io/hashicorp/aws\"]",
      "instances": [
        {
          "index_key": 0,
          "schema_version": 1,
          "attributes": {
            "ami": "ami-0005e0cfe09cc9050",
            "arn": "arn:aws:ec2:us-east-1:538871673508:instance/i-063d4e8c62edbca4a",
            "associate_public_ip_address": false,
            "availability_zone": "us-east-1a",
            "capacity_reservation_specification": [
              {
                "capacity_reservation_preference": "open",
                "capacity_reservation_target": []
              }
            ],
            "cpu_core_count": 2,
            "cpu_options": [
              {
                "amd_sev_snp": "",
                "core_count": 2,
                "threads_per_core": 1
              }
            ],
            "cpu_threads_per_core": 1,
            "credit_specification": [
              {
                "cpu_credits": "standard"
              }
            ],
            "disable_api_stop": false,
            "disable_api_termination": false,
            "ebs_block_device": [],
            "ebs_optimized": false,
            "enclave_options": [
              {
                "enabled": false
              }
            ],
            "ephemeral_block_device": [],
            "get_password_data": false,
            "hibernation": false,
            "host_id": "",
            "host_resource_group_arn": null,
            "iam_instance_profile": "",
            "id": "i-063d4e8c62edbca4a",
            "instance_initiated_shutdown_behavior": "stop",
            "instance_lifecycle": "",
            "instance_market_options": [],
            "instance_state": "running",
            "instance_type": "t2.large",
            "ipv6_address_count": 0,
            "ipv6_addresses": [],
            "key_name": "",
            "launch_template": [],
            "maintenance_options": [
              {
                "auto_recovery": "default"
              }
            ],
            "metadata_options": [
              {
                "http_endpoint": "enabled",
                "http_protocol_ipv6": "disabled",
                "http_put_response_hop_limit": 2,
                "http_tokens": "required",
                "instance_metadata_tags": "disabled"
              }
            ],
            "monitoring": false,
            "network_interface": [],
            "outpost_arn": "",
            "password_data": "",
            "placement_group": "",
            "placement_partition_number": 0,
            "primary_network_interface_id": "eni-0dd219a45f91b133a",
            "private_dns": "ip-10-0-4-192.ec2.internal",
            "private_dns_name_options": [
              {
                "enable_resource_name_dns_a_record": false,
                "enable_resource_name_dns_aaaa_record": false,
                "hostname_type": "ip-name"
              }
            ],
            "private_ip": "10.0.4.192",
            "public_dns": "",
            "public_ip": "",
            "root_block_device": [
              {
                "delete_on_termination": true,
                "device_name": "/dev/xvda",
                "encrypted": false,
                "iops": 3000,
                "kms_key_id": "",
                "tags": {},
                "throughput": 125,
                "volume_id": "vol-048a3f90319ab4501",
                "volume_size": 8,
                "volume_type": "gp3"
              }
            ],
            "secondary_private_ips": [],
            "security_groups": [],
            "source_dest_check": true,
            "spot_instance_request_id": "",
            "subnet_id": "subnet-0df0a708fc66713e7",
            "tags": {
              "Name": "kafka-broker-1"
            },
            "tags_all": {
              "Name": "kafka-broker-1"
            },
            "tenancy": "default",
            "timeouts": null,
            "user_data": null,
            "user_data_base64": null,
            "user_data_replace_on_change": false,
            "volume_tags": null,
            "vpc_security_group_ids": [
              "sg-03e14c0b83045db9f"
            ]
          },
          "sensitive_attributes": [],
          "private": "eyJlMmJmYjczMC1lY2FhLTExZTYtOGY4OC0zNDM2M2JjN2M0YzAiOnsiY3JlYXRlIjo2MDAwMDAwMDAwMDAsImRlbGV0ZSI6MTIwMDAwMDAwMDAwMCwidXBkYXRlIjo2MDAwMDAwMDAwMDB9LCJzY2hlbWFfdmVyc2lvbiI6IjEifQ==",
          "dependencies": [
            "aws_security_group.kafka_broker_sg",
            "aws_subnet.private_subnets",
            "aws_vpc.main"
          ]
        },
        {
          "index_key": 1,
          "schema_version": 1,
          "attributes": {
            "ami": "ami-0005e0cfe09cc9050",
            "arn": "arn:aws:ec2:us-east-1:538871673508:instance/i-059ebc76cdb0caf23",
            "associate_public_ip_address": false,
            "availability_zone": "us-east-1b",
            "capacity_reservation_specification": [
              {
                "capacity_reservation_preference": "open",
                "capacity_reservation_target": []
              }
            ],
            "cpu_core_count": 2,
            "cpu_options": [
              {
                "amd_sev_snp": "",
                "core_count": 2,
                "threads_per_core": 1
              }
            ],
            "cpu_threads_per_core": 1,
            "credit_specification": [
              {
                "cpu_credits": "standard"
              }
            ],
            "disable_api_stop": false,
            "disable_api_termination": false,
            "ebs_block_device": [],
            "ebs_optimized": false,
            "enclave_options": [
              {
                "enabled": false
              }
            ],
            "ephemeral_block_device": [],
            "get_password_data": false,
            "hibernation": false,
            "host_id": "",
            "host_resource_group_arn": null,
            "iam_instance_profile": "",
            "id": "i-059ebc76cdb0caf23",
            "instance_initiated_shutdown_behavior": "stop",
            "instance_lifecycle": "",
            "instance_market_options": [],
            "instance_state": "running",
            "instance_type": "t2.large",
            "ipv6_address_count": 0,
            "ipv6_addresses": [],
            "key_name": "",
            "launch_template": [],
            "maintenance_options": [
              {
                "auto_recovery": "default"
              }
            ],
            "metadata_options": [
              {
                "http_endpoint": "enabled",
                "http_protocol_ipv6": "disabled",
                "http_put_response_hop_limit": 2,
                "http_tokens": "required",
                "instance_metadata_tags": "disabled"
              }
            ],
            "monitoring": false,
            "network_interface": [],
            "outpost_arn": "",
            "password_data": "",
            "placement_group": "",
            "placement_partition_number": 0,
            "primary_network_interface_id": "eni-0d2ad860d0e1a8b1b",
            "private_dns": "ip-10-0-5-232.ec2.internal",
            "private_dns_name_options": [
              {
                "enable_resource_name_dns_a_record": false,
                "enable_resource_name_dns_aaaa_record": false,
                "hostname_type": "ip-name"
              }
            ],
            "private_ip": "10.0.5.232",
            "public_dns": "",
            "public_ip": "",
            "root_block_device": [
              {
                "delete_on_termination": true,
                "device_name": "/dev/xvda",
                "encrypted": false,
                "iops": 3000,
                "kms_key_id": "",
                "tags": {},
                "throughput": 125,
                "volume_id": "vol-0c04bcfce8b5d734c",
                "volume_size": 8,
                "volume_type": "gp3"
              }
            ],
            "secondary_private_ips": [],
            "security_groups": [],
            "source_dest_check": true,
            "spot_instance_request_id": "",
            "subnet_id": "subnet-0e3a9957c33839a25",
            "tags": {
              "Name": "kafka-broker-2"
            },
            "tags_all": {
              "Name": "kafka-broker-2"
            },
            "tenancy": "default",
            "timeouts": null,
            "user_data": null,
            "user_data_base64": null,
            "user_data_replace_on_change": false,
            "volume_tags": null,
            "vpc_security_group_ids": [
              "sg-03e14c0b83045db9f"
            ]
          },
          "sensitive_attributes": [],
          "private": "eyJlMmJmYjczMC1lY2FhLTExZTYtOGY4OC0zNDM2M2JjN2M0YzAiOnsiY3JlYXRlIjo2MDAwMDAwMDAwMDAsImRlbGV0ZSI6MTIwMDAwMDAwMDAwMCwidXBkYXRlIjo2MDAwMDAwMDAwMDB9LCJzY2hlbWFfdmVyc2lvbiI6IjEifQ==",
          "dependencies": [
            "aws_security_group.kafka_broker_sg",
            "aws_subnet.private_subnets",
            "aws_vpc.main"
          ]
        },
        {
          "index_key": 2,
          "schema_version": 1,
          "attributes": {
            "ami": "ami-0005e0cfe09cc9050",
            "arn": "arn:aws:ec2:us-east-1:538871673508:instance/i-0e32a182eb5079193",
            "associate_public_ip_address": false,
            "availability_zone": "us-east-1c",
            "capacity_reservation_specification": [
              {
                "capacity_reservation_preference": "open",
                "capacity_reservation_target": []
              }
            ],
            "cpu_core_count": 2,
            "cpu_options": [
              {
                "amd_sev_snp": "",
                "core_count": 2,
                "threads_per_core": 1
              }
            ],
            "cpu_threads_per_core": 1,
            "credit_specification": [
              {
                "cpu_credits": "standard"
              }
            ],
            "disable_api_stop": false,
            "disable_api_termination": false,
            "ebs_block_device": [],
            "ebs_optimized": false,
            "enclave_options": [
              {
                "enabled": false
              }
            ],
            "ephemeral_block_device": [],
            "get_password_data": false,
            "hibernation": false,
            "host_id": "",
            "host_resource_group_arn": null,
            "iam_instance_profile": "",
            "id": "i-0e32a182eb5079193",
            "instance_initiated_shutdown_behavior": "stop",
            "instance_lifecycle": "",
            "instance_market_options": [],
            "instance_state": "running",
            "instance_type": "t2.large",
            "ipv6_address_count": 0,
            "ipv6_addresses": [],
            "key_name": "",
            "launch_template": [],
            "maintenance_options": [
              {
                "auto_recovery": "default"
              }
            ],
            "metadata_options": [
              {
                "http_endpoint": "enabled",
                "http_protocol_ipv6": "disabled",
                "http_put_response_hop_limit": 2,
                "http_tokens": "required",
                "instance_metadata_tags": "disabled"
              }
            ],
            "monitoring": false,
            "network_interface": [],
            "outpost_arn": "",
            "password_data": "",
            "placement_group": "",
            "placement_partition_number": 0,
            "primary_network_interface_id": "eni-0722c5b824f795098",
            "private_dns": "ip-10-0-6-241.ec2.internal",
            "private_dns_name_options": [
              {
                "enable_resource_name_dns_a_record": false,
                "enable_resource_name_dns_aaaa_record": false,
                "hostname_type": "ip-name"
              }
            ],
            "private_ip": "10.0.6.241",
            "public_dns": "",
            "public_ip": "",
            "root_block_device": [
              {
                "delete_on_termination": true,
                "device_name": "/dev/xvda",
                "encrypted": false,
                "iops": 3000,
                "kms_key_id": "",
                "tags": {},
                "throughput": 125,
                "volume_id": "vol-0957f13c27e747e4e",
                "volume_size": 8,
                "volume_type": "gp3"
              }
            ],
            "secondary_private_ips": [],
            "security_groups": [],
            "source_dest_check": true,
            "spot_instance_request_id": "",
            "subnet_id": "subnet-0d11b46db4ee696b9",
            "tags": {
              "Name": "kafka-broker-3"
            },
            "tags_all": {
              "Name": "kafka-broker-3"
            },
            "tenancy": "default",
            "timeouts": null,
            "user_data": null,
            "user_data_base64": null,
            "user_data_replace_on_change": false,
            "volume_tags": null,
            "vpc_security_group_ids": [
              "sg-03e14c0b83045db9f"
            ]
          },
          "sensitive_attributes": [],
          "private": "eyJlMmJmYjczMC1lY2FhLTExZTYtOGY4OC0zNDM2M2JjN2M0YzAiOnsiY3JlYXRlIjo2MDAwMDAwMDAwMDAsImRlbGV0ZSI6MTIwMDAwMDAwMDAwMCwidXBkYXRlIjo2MDAwMDAwMDAwMDB9LCJzY2hlbWFfdmVyc2lvbiI6IjEifQ==",
          "dependencies": [
            "aws_security_group.kafka_broker_sg",
            "aws_subnet.private_subnets",
            "aws_vpc.main"
          ]
        }
      ]
    },
    {
      "mode": "managed",
      "type": "aws_internet_gateway",
      "name": "gw",
      "provider": "provider[\"registry.terraform.io/hashicorp/aws\"]",
      "instances": [
        {
          "schema_version": 0,
          "attributes": {
            "arn": "arn:aws:ec2:us-east-1:538871673508:internet-gateway/igw-0bb5290a964d850ee",
            "id": "igw-0bb5290a964d850ee",
            "owner_id": "538871673508",
            "tags": {
              "Name": "KAFKA-Project VPC IG"
            },
            "tags_all": {
              "Name": "KAFKA-Project VPC IG"
            },
            "timeouts": null,
            "vpc_id": "vpc-0fa9665c1bcca6b1e"
          },
          "sensitive_attributes": [],
          "private": "eyJlMmJmYjczMC1lY2FhLTExZTYtOGY4OC0zNDM2M2JjN2M0YzAiOnsiY3JlYXRlIjoxMjAwMDAwMDAwMDAwLCJkZWxldGUiOjEyMDAwMDAwMDAwMDAsInVwZGF0ZSI6MTIwMDAwMDAwMDAwMH19",
          "dependencies": [
            "aws_vpc.main"
          ]
        }
      ]
    },
    {
      "mode": "managed",
      "type": "aws_key_pair",
      "name": "key_pair",
      "provider": "provider[\"registry.terraform.io/hashicorp/aws\"]",
      "instances": [
        {
          "schema_version": 1,
          "attributes": {
            "arn": "arn:aws:ec2:us-east-1:538871673508:key-pair/bastion-key-pair",
            "fingerprint": "9a:d0:1a:f9:86:1d:54:4e:74:05:5e:78:81:75:6e:c2",
            "id": "bastion-key-pair",
            "key_name": "bastion-key-pair",
            "key_name_prefix": "",
            "key_pair_id": "key-02667361fe7420b69",
            "key_type": "rsa",
            "public_key": "ssh-rsa AAAAB3NzaC1yc2EAAAADAQABAAABAQDC0WUblflGA+wb55Ck2UPKJ4UY31e+MAP1dM7LmxC7Jh6tGCQ/arLXOsIOSQxAK4RnlVQ8r523v5YBGmh4BoCpHoxvGrJq3/eO/4ziIOAGsdC1GQFiq26cUfsGp06awPgPAwB19OTnJD+a8NR4pLLLaZ6veC2P7lZXg+FC8791U3rv4gH/Z9C2uexVfvWQ+rEy3x+3KvHqZQocLqEgCA+6ujRFaZxoqvhWFe+1ePUW/lgKC6lUIWd+DziSEQjv6tTezDllvvg6u1VjsjbIK+ZLz5vtRg/+86c6xAwCvyzYafbj2p5Z+jqdgJI+VHKB5BDz3U8qEIiMDATLUX9e9ODV",
            "tags": null,
            "tags_all": {}
          },
          "sensitive_attributes": [],
          "private": "eyJzY2hlbWFfdmVyc2lvbiI6IjEifQ==",
          "dependencies": [
            "data.tls_public_key.bastion-public-key",
            "tls_private_key.bastion-private-key"
          ]
        }
      ]
    },
    {
      "mode": "managed",
      "type": "aws_route_table",
      "name": "second_rt_for_public_subnets",
      "provider": "provider[\"registry.terraform.io/hashicorp/aws\"]",
      "instances": [
        {
          "schema_version": 0,
          "attributes": {
            "arn": "arn:aws:ec2:us-east-1:538871673508:route-table/rtb-03f3d618648b2d892",
            "id": "rtb-03f3d618648b2d892",
            "owner_id": "538871673508",
            "propagating_vgws": [],
            "route": [
              {
                "carrier_gateway_id": "",
                "cidr_block": "0.0.0.0/0",
                "core_network_arn": "",
                "destination_prefix_list_id": "",
                "egress_only_gateway_id": "",
                "gateway_id": "igw-0bb5290a964d850ee",
                "ipv6_cidr_block": "",
                "local_gateway_id": "",
                "nat_gateway_id": "",
                "network_interface_id": "",
                "transit_gateway_id": "",
                "vpc_endpoint_id": "",
                "vpc_peering_connection_id": ""
              }
            ],
            "tags": {
              "Name": "2nd Route Table for Public Subnets"
            },
            "tags_all": {
              "Name": "2nd Route Table for Public Subnets"
            },
            "timeouts": null,
            "vpc_id": "vpc-0fa9665c1bcca6b1e"
          },
          "sensitive_attributes": [],
          "private": "eyJlMmJmYjczMC1lY2FhLTExZTYtOGY4OC0zNDM2M2JjN2M0YzAiOnsiY3JlYXRlIjozMDAwMDAwMDAwMDAsImRlbGV0ZSI6MzAwMDAwMDAwMDAwLCJ1cGRhdGUiOjEyMDAwMDAwMDAwMH19",
          "dependencies": [
            "aws_internet_gateway.gw",
            "aws_vpc.main"
          ]
        }
      ]
    },
    {
      "mode": "managed",
      "type": "aws_route_table_association",
      "name": "public_subnet_association",
      "provider": "provider[\"registry.terraform.io/hashicorp/aws\"]",
      "instances": [
        {
          "index_key": 0,
          "schema_version": 0,
          "attributes": {
            "gateway_id": "",
            "id": "rtbassoc-054ccd63ff58f9585",
            "route_table_id": "rtb-03f3d618648b2d892",
            "subnet_id": "subnet-0bc2a1d2368dcda17",
            "timeouts": null
          },
          "sensitive_attributes": [],
          "private": "eyJlMmJmYjczMC1lY2FhLTExZTYtOGY4OC0zNDM2M2JjN2M0YzAiOnsiY3JlYXRlIjozMDAwMDAwMDAwMDAsImRlbGV0ZSI6MzAwMDAwMDAwMDAwLCJ1cGRhdGUiOjEyMDAwMDAwMDAwMH19",
          "dependencies": [
            "aws_internet_gateway.gw",
            "aws_route_table.second_rt_for_public_subnets",
            "aws_subnet.public_subnets",
            "aws_vpc.main"
          ]
        },
        {
          "index_key": 1,
          "schema_version": 0,
          "attributes": {
            "gateway_id": "",
            "id": "rtbassoc-0061fe8a3ebc4feb1",
            "route_table_id": "rtb-03f3d618648b2d892",
            "subnet_id": "subnet-0b9c8eca5bd7fa139",
            "timeouts": null
          },
          "sensitive_attributes": [],
          "private": "eyJlMmJmYjczMC1lY2FhLTExZTYtOGY4OC0zNDM2M2JjN2M0YzAiOnsiY3JlYXRlIjozMDAwMDAwMDAwMDAsImRlbGV0ZSI6MzAwMDAwMDAwMDAwLCJ1cGRhdGUiOjEyMDAwMDAwMDAwMH19",
          "dependencies": [
            "aws_internet_gateway.gw",
            "aws_route_table.second_rt_for_public_subnets",
            "aws_subnet.public_subnets",
            "aws_vpc.main"
          ]
        },
        {
          "index_key": 2,
          "schema_version": 0,
          "attributes": {
            "gateway_id": "",
            "id": "rtbassoc-0c673305dc0ac95d5",
            "route_table_id": "rtb-03f3d618648b2d892",
            "subnet_id": "subnet-0091ed10c3ee3e104",
            "timeouts": null
          },
          "sensitive_attributes": [],
          "private": "eyJlMmJmYjczMC1lY2FhLTExZTYtOGY4OC0zNDM2M2JjN2M0YzAiOnsiY3JlYXRlIjozMDAwMDAwMDAwMDAsImRlbGV0ZSI6MzAwMDAwMDAwMDAwLCJ1cGRhdGUiOjEyMDAwMDAwMDAwMH19",
          "dependencies": [
            "aws_internet_gateway.gw",
            "aws_route_table.second_rt_for_public_subnets",
            "aws_subnet.public_subnets",
            "aws_vpc.main"
          ]
        }
      ]
    },
    {
      "mode": "managed",
      "type": "aws_security_group",
      "name": "bastion_sg",
      "provider": "provider[\"registry.terraform.io/hashicorp/aws\"]",
      "instances": [
        {
          "schema_version": 1,
          "attributes": {
            "arn": "arn:aws:ec2:us-east-1:538871673508:security-group/sg-00bff312f21c25b22",
            "description": "Security group for the bastion host",
            "egress": [],
            "id": "sg-00bff312f21c25b22",
            "ingress": [
              {
                "cidr_blocks": [
                  "139.190.184.234/32"
                ],
                "description": "",
                "from_port": 22,
                "ipv6_cidr_blocks": [],
                "prefix_list_ids": [],
                "protocol": "tcp",
                "security_groups": [],
                "self": false,
                "to_port": 22
              }
            ],
            "name": "bastion-sg",
            "name_prefix": "",
            "owner_id": "538871673508",
            "revoke_rules_on_delete": false,
            "tags": {},
            "tags_all": {},
            "timeouts": null,
            "vpc_id": "vpc-0fa9665c1bcca6b1e"
          },
          "sensitive_attributes": [],
          "private": "eyJlMmJmYjczMC1lY2FhLTExZTYtOGY4OC0zNDM2M2JjN2M0YzAiOnsiY3JlYXRlIjo2MDAwMDAwMDAwMDAsImRlbGV0ZSI6OTAwMDAwMDAwMDAwfSwic2NoZW1hX3ZlcnNpb24iOiIxIn0=",
          "dependencies": [
            "aws_vpc.main"
          ]
        }
      ]
    },
    {
      "mode": "managed",
      "type": "aws_security_group",
      "name": "kafka_broker_sg",
      "provider": "provider[\"registry.terraform.io/hashicorp/aws\"]",
      "instances": [
        {
          "schema_version": 1,
          "attributes": {
            "arn": "arn:aws:ec2:us-east-1:538871673508:security-group/sg-03e14c0b83045db9f",
            "description": "Security group for Kafka brokers in private subnet",
            "egress": [],
            "id": "sg-03e14c0b83045db9f",
            "ingress": [
              {
                "cidr_blocks": [],
                "description": "",
                "from_port": 9092,
                "ipv6_cidr_blocks": [],
                "prefix_list_ids": [],
                "protocol": "tcp",
                "security_groups": [],
                "self": true,
                "to_port": 9092
              }
            ],
            "name": "kafka-broker-sg",
            "name_prefix": "",
            "owner_id": "538871673508",
            "revoke_rules_on_delete": false,
            "tags": {},
            "tags_all": {},
            "timeouts": null,
            "vpc_id": "vpc-0fa9665c1bcca6b1e"
          },
          "sensitive_attributes": [],
          "private": "eyJlMmJmYjczMC1lY2FhLTExZTYtOGY4OC0zNDM2M2JjN2M0YzAiOnsiY3JlYXRlIjo2MDAwMDAwMDAwMDAsImRlbGV0ZSI6OTAwMDAwMDAwMDAwfSwic2NoZW1hX3ZlcnNpb24iOiIxIn0=",
          "dependencies": [
            "aws_vpc.main"
          ]
        }
      ]
    },
    {
      "mode": "managed",
      "type": "aws_subnet",
      "name": "private_subnets",
      "provider": "provider[\"registry.terraform.io/hashicorp/aws\"]",
      "instances": [
        {
          "index_key": 0,
          "schema_version": 1,
          "attributes": {
            "arn": "arn:aws:ec2:us-east-1:538871673508:subnet/subnet-0df0a708fc66713e7",
            "assign_ipv6_address_on_creation": false,
            "availability_zone": "us-east-1a",
            "availability_zone_id": "use1-az4",
            "cidr_block": "10.0.4.0/24",
            "customer_owned_ipv4_pool": "",
            "enable_dns64": false,
            "enable_lni_at_device_index": 0,
            "enable_resource_name_dns_a_record_on_launch": false,
            "enable_resource_name_dns_aaaa_record_on_launch": false,
            "id": "subnet-0df0a708fc66713e7",
            "ipv6_cidr_block": "",
            "ipv6_cidr_block_association_id": "",
            "ipv6_native": false,
            "map_customer_owned_ip_on_launch": false,
            "map_public_ip_on_launch": false,
            "outpost_arn": "",
            "owner_id": "538871673508",
            "private_dns_hostname_type_on_launch": "ip-name",
            "tags": {
              "Name": "Private Subnet 1"
            },
            "tags_all": {
              "Name": "Private Subnet 1"
            },
            "timeouts": null,
            "vpc_id": "vpc-0fa9665c1bcca6b1e"
          },
          "sensitive_attributes": [],
          "private": "eyJlMmJmYjczMC1lY2FhLTExZTYtOGY4OC0zNDM2M2JjN2M0YzAiOnsiY3JlYXRlIjo2MDAwMDAwMDAwMDAsImRlbGV0ZSI6MTIwMDAwMDAwMDAwMH0sInNjaGVtYV92ZXJzaW9uIjoiMSJ9",
          "dependencies": [
            "aws_vpc.main"
          ]
        },
        {
          "index_key": 1,
          "schema_version": 1,
          "attributes": {
            "arn": "arn:aws:ec2:us-east-1:538871673508:subnet/subnet-0e3a9957c33839a25",
            "assign_ipv6_address_on_creation": false,
            "availability_zone": "us-east-1b",
            "availability_zone_id": "use1-az6",
            "cidr_block": "10.0.5.0/24",
            "customer_owned_ipv4_pool": "",
            "enable_dns64": false,
            "enable_lni_at_device_index": 0,
            "enable_resource_name_dns_a_record_on_launch": false,
            "enable_resource_name_dns_aaaa_record_on_launch": false,
            "id": "subnet-0e3a9957c33839a25",
            "ipv6_cidr_block": "",
            "ipv6_cidr_block_association_id": "",
            "ipv6_native": false,
            "map_customer_owned_ip_on_launch": false,
            "map_public_ip_on_launch": false,
            "outpost_arn": "",
            "owner_id": "538871673508",
            "private_dns_hostname_type_on_launch": "ip-name",
            "tags": {
              "Name": "Private Subnet 2"
            },
            "tags_all": {
              "Name": "Private Subnet 2"
            },
            "timeouts": null,
            "vpc_id": "vpc-0fa9665c1bcca6b1e"
          },
          "sensitive_attributes": [],
          "private": "eyJlMmJmYjczMC1lY2FhLTExZTYtOGY4OC0zNDM2M2JjN2M0YzAiOnsiY3JlYXRlIjo2MDAwMDAwMDAwMDAsImRlbGV0ZSI6MTIwMDAwMDAwMDAwMH0sInNjaGVtYV92ZXJzaW9uIjoiMSJ9",
          "dependencies": [
            "aws_vpc.main"
          ]
        },
        {
          "index_key": 2,
          "schema_version": 1,
          "attributes": {
            "arn": "arn:aws:ec2:us-east-1:538871673508:subnet/subnet-0d11b46db4ee696b9",
            "assign_ipv6_address_on_creation": false,
            "availability_zone": "us-east-1c",
            "availability_zone_id": "use1-az1",
            "cidr_block": "10.0.6.0/24",
            "customer_owned_ipv4_pool": "",
            "enable_dns64": false,
            "enable_lni_at_device_index": 0,
            "enable_resource_name_dns_a_record_on_launch": false,
            "enable_resource_name_dns_aaaa_record_on_launch": false,
            "id": "subnet-0d11b46db4ee696b9",
            "ipv6_cidr_block": "",
            "ipv6_cidr_block_association_id": "",
            "ipv6_native": false,
            "map_customer_owned_ip_on_launch": false,
            "map_public_ip_on_launch": false,
            "outpost_arn": "",
            "owner_id": "538871673508",
            "private_dns_hostname_type_on_launch": "ip-name",
            "tags": {
              "Name": "Private Subnet 3"
            },
            "tags_all": {
              "Name": "Private Subnet 3"
            },
            "timeouts": null,
            "vpc_id": "vpc-0fa9665c1bcca6b1e"
          },
          "sensitive_attributes": [],
          "private": "eyJlMmJmYjczMC1lY2FhLTExZTYtOGY4OC0zNDM2M2JjN2M0YzAiOnsiY3JlYXRlIjo2MDAwMDAwMDAwMDAsImRlbGV0ZSI6MTIwMDAwMDAwMDAwMH0sInNjaGVtYV92ZXJzaW9uIjoiMSJ9",
          "dependencies": [
            "aws_vpc.main"
          ]
        }
      ]
    },
    {
      "mode": "managed",
      "type": "aws_subnet",
      "name": "public_subnets",
      "provider": "provider[\"registry.terraform.io/hashicorp/aws\"]",
      "instances": [
        {
          "index_key": 0,
          "schema_version": 1,
          "attributes": {
            "arn": "arn:aws:ec2:us-east-1:538871673508:subnet/subnet-0bc2a1d2368dcda17",
            "assign_ipv6_address_on_creation": false,
            "availability_zone": "us-east-1a",
            "availability_zone_id": "use1-az4",
            "cidr_block": "10.0.1.0/24",
            "customer_owned_ipv4_pool": "",
            "enable_dns64": false,
            "enable_lni_at_device_index": 0,
            "enable_resource_name_dns_a_record_on_launch": false,
            "enable_resource_name_dns_aaaa_record_on_launch": false,
            "id": "subnet-0bc2a1d2368dcda17",
            "ipv6_cidr_block": "",
            "ipv6_cidr_block_association_id": "",
            "ipv6_native": false,
            "map_customer_owned_ip_on_launch": false,
            "map_public_ip_on_launch": false,
            "outpost_arn": "",
            "owner_id": "538871673508",
            "private_dns_hostname_type_on_launch": "ip-name",
            "tags": {
              "Name": "Public Subnet 1"
            },
            "tags_all": {
              "Name": "Public Subnet 1"
            },
            "timeouts": null,
            "vpc_id": "vpc-0fa9665c1bcca6b1e"
          },
          "sensitive_attributes": [],
          "private": "eyJlMmJmYjczMC1lY2FhLTExZTYtOGY4OC0zNDM2M2JjN2M0YzAiOnsiY3JlYXRlIjo2MDAwMDAwMDAwMDAsImRlbGV0ZSI6MTIwMDAwMDAwMDAwMH0sInNjaGVtYV92ZXJzaW9uIjoiMSJ9",
          "dependencies": [
            "aws_vpc.main"
          ]
        },
        {
          "index_key": 1,
          "schema_version": 1,
          "attributes": {
            "arn": "arn:aws:ec2:us-east-1:538871673508:subnet/subnet-0b9c8eca5bd7fa139",
            "assign_ipv6_address_on_creation": false,
            "availability_zone": "us-east-1b",
            "availability_zone_id": "use1-az6",
            "cidr_block": "10.0.2.0/24",
            "customer_owned_ipv4_pool": "",
            "enable_dns64": false,
            "enable_lni_at_device_index": 0,
            "enable_resource_name_dns_a_record_on_launch": false,
            "enable_resource_name_dns_aaaa_record_on_launch": false,
            "id": "subnet-0b9c8eca5bd7fa139",
            "ipv6_cidr_block": "",
            "ipv6_cidr_block_association_id": "",
            "ipv6_native": false,
            "map_customer_owned_ip_on_launch": false,
            "map_public_ip_on_launch": false,
            "outpost_arn": "",
            "owner_id": "538871673508",
            "private_dns_hostname_type_on_launch": "ip-name",
            "tags": {
              "Name": "Public Subnet 2"
            },
            "tags_all": {
              "Name": "Public Subnet 2"
            },
            "timeouts": null,
            "vpc_id": "vpc-0fa9665c1bcca6b1e"
          },
          "sensitive_attributes": [],
          "private": "eyJlMmJmYjczMC1lY2FhLTExZTYtOGY4OC0zNDM2M2JjN2M0YzAiOnsiY3JlYXRlIjo2MDAwMDAwMDAwMDAsImRlbGV0ZSI6MTIwMDAwMDAwMDAwMH0sInNjaGVtYV92ZXJzaW9uIjoiMSJ9",
          "dependencies": [
            "aws_vpc.main"
          ]
        },
        {
          "index_key": 2,
          "schema_version": 1,
          "attributes": {
            "arn": "arn:aws:ec2:us-east-1:538871673508:subnet/subnet-0091ed10c3ee3e104",
            "assign_ipv6_address_on_creation": false,
            "availability_zone": "us-east-1c",
            "availability_zone_id": "use1-az1",
            "cidr_block": "10.0.3.0/24",
            "customer_owned_ipv4_pool": "",
            "enable_dns64": false,
            "enable_lni_at_device_index": 0,
            "enable_resource_name_dns_a_record_on_launch": false,
            "enable_resource_name_dns_aaaa_record_on_launch": false,
            "id": "subnet-0091ed10c3ee3e104",
            "ipv6_cidr_block": "",
            "ipv6_cidr_block_association_id": "",
            "ipv6_native": false,
            "map_customer_owned_ip_on_launch": false,
            "map_public_ip_on_launch": false,
            "outpost_arn": "",
            "owner_id": "538871673508",
            "private_dns_hostname_type_on_launch": "ip-name",
            "tags": {
              "Name": "Public Subnet 3"
            },
            "tags_all": {
              "Name": "Public Subnet 3"
            },
            "timeouts": null,
            "vpc_id": "vpc-0fa9665c1bcca6b1e"
          },
          "sensitive_attributes": [],
          "private": "eyJlMmJmYjczMC1lY2FhLTExZTYtOGY4OC0zNDM2M2JjN2M0YzAiOnsiY3JlYXRlIjo2MDAwMDAwMDAwMDAsImRlbGV0ZSI6MTIwMDAwMDAwMDAwMH0sInNjaGVtYV92ZXJzaW9uIjoiMSJ9",
          "dependencies": [
            "aws_vpc.main"
          ]
        }
      ]
    },
    {
      "mode": "managed",
      "type": "aws_vpc",
      "name": "main",
      "provider": "provider[\"registry.terraform.io/hashicorp/aws\"]",
      "instances": [
        {
          "schema_version": 1,
          "attributes": {
            "arn": "arn:aws:ec2:us-east-1:538871673508:vpc/vpc-0fa9665c1bcca6b1e",
            "assign_generated_ipv6_cidr_block": false,
            "cidr_block": "10.0.0.0/16",
            "default_network_acl_id": "acl-0c5eabdc6b769cd0f",
            "default_route_table_id": "rtb-0735a2268f21cc5a0",
            "default_security_group_id": "sg-0326e6870a953cb97",
            "dhcp_options_id": "dopt-0f8e72d3bb4de3bdf",
            "enable_dns_hostnames": false,
            "enable_dns_support": true,
            "enable_network_address_usage_metrics": false,
            "id": "vpc-0fa9665c1bcca6b1e",
            "instance_tenancy": "default",
            "ipv4_ipam_pool_id": null,
            "ipv4_netmask_length": null,
            "ipv6_association_id": "",
            "ipv6_cidr_block": "",
            "ipv6_cidr_block_network_border_group": "",
            "ipv6_ipam_pool_id": "",
            "ipv6_netmask_length": 0,
            "main_route_table_id": "rtb-0735a2268f21cc5a0",
            "owner_id": "538871673508",
            "tags": {
              "Name": "kafka-self-managed-vpc"
            },
            "tags_all": {
              "Name": "kafka-self-managed-vpc"
            }
          },
          "sensitive_attributes": [],
          "private": "eyJzY2hlbWFfdmVyc2lvbiI6IjEifQ=="
        }
      ]
    },
    {
      "mode": "managed",
      "type": "null_resource",
      "name": "write_private_key",
      "provider": "provider[\"registry.terraform.io/hashicorp/null\"]",
      "instances": [
        {
          "schema_version": 0,
          "attributes": {
            "id": "8875195765874025213",
            "triggers": null
          },
          "sensitive_attributes": [],
          "dependencies": [
            "aws_key_pair.key_pair",
            "data.tls_public_key.bastion-public-key",
            "tls_private_key.bastion-private-key"
          ]
        }
      ]
    },
    {
      "mode": "managed",
      "type": "tls_private_key",
      "name": "bastion-private-key",
      "provider": "provider[\"registry.terraform.io/hashicorp/tls\"]",
      "instances": [
        {
          "schema_version": 1,
          "attributes": {
            "algorithm": "RSA",
            "ecdsa_curve": "P224",
            "id": "bba78976b7700c5dc351b2073ddffb7aa74239a7",
            "private_key_openssh": "-----BEGIN OPENSSH PRIVATE KEY-----\nb3BlbnNzaC1rZXktdjEAAAAABG5vbmUAAAAEbm9uZQAAAAAAAAABAAABFwAAAAdz\nc2gtcnNhAAAAAwEAAQAAAQEAwtFlG5X5RgPsG+eQpNlDyieFGN9XvjAD9XTOy5sQ\nuyYerRgkP2qy1zrCDkkMQCuEZ5VUPK+dt7+WARpoeAaAqR6Mbxqyat/3jv+M4iDg\nBrHQtRkBYqtunFH7BqdOmsD4DwMAdfTk5yQ/mvDUeKSyy2mer3gtj+5WV4PhQvO/\ndVN67+IB/2fQtrnsVX71kPqxMt8ftyrx6mUKHC6hIAgPuro0RWmcaKr4VhXvtXj1\nFv5YCgupVCFnfg84khEI7+rU3sw5Zb74OrtVY7I2yCvmS8+b7UYP/vOnOsQMAr8s\n2Gn249qeWfo6nYCSPlRygeQQ891PKhCIjAwEy1F/XvTg1QAAA7ggSSwmIEksJgAA\nAAdzc2gtcnNhAAABAQDC0WUblflGA+wb55Ck2UPKJ4UY31e+MAP1dM7LmxC7Jh6t\nGCQ/arLXOsIOSQxAK4RnlVQ8r523v5YBGmh4BoCpHoxvGrJq3/eO/4ziIOAGsdC1\nGQFiq26cUfsGp06awPgPAwB19OTnJD+a8NR4pLLLaZ6veC2P7lZXg+FC8791U3rv\n4gH/Z9C2uexVfvWQ+rEy3x+3KvHqZQocLqEgCA+6ujRFaZxoqvhWFe+1ePUW/lgK\nC6lUIWd+DziSEQjv6tTezDllvvg6u1VjsjbIK+ZLz5vtRg/+86c6xAwCvyzYafbj\n2p5Z+jqdgJI+VHKB5BDz3U8qEIiMDATLUX9e9ODVAAAAAwEAAQAAAQAdUbQctbJh\nJh/3hx8OoCACoXX3a01iMwm1fBHPNJQNBkyhkjuKS72EhLRFwBqW4bW4fRHDXE6p\nI60ol1fXkGr2iMFryyHE0dYI8E68jWQJveMCDjRWLCSmY/QaaT18LsRmRfZgyi1U\n1/C2mb3wNiEuWcPm9ngs7BqUayWQlOxgdJ9u1ooIq/+lZtr7tPZaMRFPKQuRmTnh\nou3h5YUEViAXU2tVLOOntuoJNTWN8n4PP9Yqs+hfsMEKcxOE+Ya7W9iYEUwZSlP8\nb7fj1cdXS2neeqRD6k5gjtFQ9awI9E+7ZgBDK3+jIXsB1DiZ6xzxV4uD7RUQjNGD\nFnRbozidYSMhAAAAgER1cgF37K5kfT2EWBs9i0lriKPsRHHRhOHFdz1mQw1plkTq\n21jP/4ziwk/UL4ZUsOnnsq/qkQfvEwl6N0X1qI/YeMSuLCD/t9Cjo3f4eYiggPnM\njw5Wn32D96BgEyn8+kxJ+U/6GV4j3Xen8CtwKVZEUGsYtybHLHKZOQcmgjDZAAAA\ngQDQSBe7QM7lyjdJEGUsjQNsXaQGuoDnzpPpWu8q19I64QLzKgJouJDbMLKoBEE7\nIvQem5HFcJgJCU+Gat52laGaee+CfmRdo3aJaJ4MwvL23BdhK6X/bLAo8BzKWphv\nSjNwsIxk/bPOunEFeC+F/RrdSxCEhfxFehjBVYu08AohzQAAAIEA73OlZZMEXZXU\n4Yx64jA8OEpb9uP8W7DOkiIn2D4Bi7jKeGcpZ/JguDOa6Ld4xVq/uJLxGiwhjbdF\nG8PdQ2YUsflAy39JcKcb/HOSvrfURnfh5RakFIvLr4Jatqyh9bR6fBloeF1CIps1\nsYYD8B1dv9VTAhd0bQRMaM7JB1XgUykAAAAAAQID\n-----END OPENSSH PRIVATE KEY-----\n",
            "private_key_pem": "-----BEGIN RSA PRIVATE KEY-----\nMIIEogIBAAKCAQEAwtFlG5X5RgPsG+eQpNlDyieFGN9XvjAD9XTOy5sQuyYerRgk\nP2qy1zrCDkkMQCuEZ5VUPK+dt7+WARpoeAaAqR6Mbxqyat/3jv+M4iDgBrHQtRkB\nYqtunFH7BqdOmsD4DwMAdfTk5yQ/mvDUeKSyy2mer3gtj+5WV4PhQvO/dVN67+IB\n/2fQtrnsVX71kPqxMt8ftyrx6mUKHC6hIAgPuro0RWmcaKr4VhXvtXj1Fv5YCgup\nVCFnfg84khEI7+rU3sw5Zb74OrtVY7I2yCvmS8+b7UYP/vOnOsQMAr8s2Gn249qe\nWfo6nYCSPlRygeQQ891PKhCIjAwEy1F/XvTg1QIDAQABAoIBAB1RtBy1smEmH/eH\nHw6gIAKhdfdrTWIzCbV8Ec80lA0GTKGSO4pLvYSEtEXAGpbhtbh9EcNcTqkjrSiX\nV9eQavaIwWvLIcTR1gjwTryNZAm94wIONFYsJKZj9BppPXwuxGZF9mDKLVTX8LaZ\nvfA2IS5Zw+b2eCzsGpRrJZCU7GB0n27Wigir/6Vm2vu09loxEU8pC5GZOeGi7eHl\nhQRWIBdTa1Us46e26gk1NY3yfg8/1iqz6F+wwQpzE4T5hrtb2JgRTBlKU/xvt+PV\nx1dLad56pEPqTmCO0VD1rAj0T7tmAEMrf6MhewHUOJnrHPFXi4PtFRCM0YMWdFuj\nOJ1hIyECgYEA0EgXu0DO5co3SRBlLI0DbF2kBrqA586T6VrvKtfSOuEC8yoCaLiQ\n2zCyqARBOyL0HpuRxXCYCQlPhmredpWhmnnvgn5kXaN2iWieDMLy9twXYSul/2yw\nKPAcylqYb0ozcLCMZP2zzrpxBXgvhf0a3UsQhIX8RXoYwVWLtPAKIc0CgYEA73Ol\nZZMEXZXU4Yx64jA8OEpb9uP8W7DOkiIn2D4Bi7jKeGcpZ/JguDOa6Ld4xVq/uJLx\nGiwhjbdFG8PdQ2YUsflAy39JcKcb/HOSvrfURnfh5RakFIvLr4Jatqyh9bR6fBlo\neF1CIps1sYYD8B1dv9VTAhd0bQRMaM7JB1XgUykCgYBPLokvHBVMENNxyHTeOgHK\nKdNY54BoIAXlWjfAjuoSjkaD0T23OCuB2QKik3OFGuW52STS7dou3UZJcMmARaR5\nSNAASTK40pMW7Bnh+h9KMCQHQgPKljRma9pWJ5j5/jiOJ+BH6Jd6CTE8hhNzGeUj\nqgzuhM2CUEenAHGraPJBJQKBgEXPnqINidFLFKSpk04MqBH1Q/ioIXQOCTu7r4gx\nE7xLpOQTl5PRq3covHoqu5A2U/0ZAigSQ7oQe5qLsR+sTE5TEBwEQUIRxmwEufzW\nlZHx868Zub6vvzOtOotVq2Z6NtelhLrK3bQ/MhlOrCk+No3uQOQ0OGJsRWatGxkD\nZYJ5AoGARHVyAXfsrmR9PYRYGz2LSWuIo+xEcdGE4cV3PWZDDWmWROrbWM//jOLC\nT9QvhlSw6eeyr+qRB+8TCXo3RfWoj9h4xK4sIP+30KOjd/h5iKCA+cyPDlaffYP3\noGATKfz6TEn5T/oZXiPdd6fwK3ApVkRQaxi3Jscscpk5ByaCMNk=\n-----END RSA PRIVATE KEY-----\n",
            "private_key_pem_pkcs8": "-----BEGIN PRIVATE KEY-----\nMIIEvAIBADANBgkqhkiG9w0BAQEFAASCBKYwggSiAgEAAoIBAQDC0WUblflGA+wb\n55Ck2UPKJ4UY31e+MAP1dM7LmxC7Jh6tGCQ/arLXOsIOSQxAK4RnlVQ8r523v5YB\nGmh4BoCpHoxvGrJq3/eO/4ziIOAGsdC1GQFiq26cUfsGp06awPgPAwB19OTnJD+a\n8NR4pLLLaZ6veC2P7lZXg+FC8791U3rv4gH/Z9C2uexVfvWQ+rEy3x+3KvHqZQoc\nLqEgCA+6ujRFaZxoqvhWFe+1ePUW/lgKC6lUIWd+DziSEQjv6tTezDllvvg6u1Vj\nsjbIK+ZLz5vtRg/+86c6xAwCvyzYafbj2p5Z+jqdgJI+VHKB5BDz3U8qEIiMDATL\nUX9e9ODVAgMBAAECggEAHVG0HLWyYSYf94cfDqAgAqF192tNYjMJtXwRzzSUDQZM\noZI7iku9hIS0RcAaluG1uH0Rw1xOqSOtKJdX15Bq9ojBa8shxNHWCPBOvI1kCb3j\nAg40ViwkpmP0Gmk9fC7EZkX2YMotVNfwtpm98DYhLlnD5vZ4LOwalGslkJTsYHSf\nbtaKCKv/pWba+7T2WjERTykLkZk54aLt4eWFBFYgF1NrVSzjp7bqCTU1jfJ+Dz/W\nKrPoX7DBCnMThPmGu1vYmBFMGUpT/G+349XHV0tp3nqkQ+pOYI7RUPWsCPRPu2YA\nQyt/oyF7AdQ4mesc8VeLg+0VEIzRgxZ0W6M4nWEjIQKBgQDQSBe7QM7lyjdJEGUs\njQNsXaQGuoDnzpPpWu8q19I64QLzKgJouJDbMLKoBEE7IvQem5HFcJgJCU+Gat52\nlaGaee+CfmRdo3aJaJ4MwvL23BdhK6X/bLAo8BzKWphvSjNwsIxk/bPOunEFeC+F\n/RrdSxCEhfxFehjBVYu08AohzQKBgQDvc6VlkwRdldThjHriMDw4Slv24/xbsM6S\nIifYPgGLuMp4Zyln8mC4M5rot3jFWr+4kvEaLCGNt0Ubw91DZhSx+UDLf0lwpxv8\nc5K+t9RGd+HlFqQUi8uvglq2rKH1tHp8GWh4XUIimzWxhgPwHV2/1VMCF3RtBExo\nzskHVeBTKQKBgE8uiS8cFUwQ03HIdN46Acop01jngGggBeVaN8CO6hKORoPRPbc4\nK4HZAqKTc4Ua5bnZJNLt2i7dRklwyYBFpHlI0ABJMrjSkxbsGeH6H0owJAdCA8qW\nNGZr2lYnmPn+OI4n4Efol3oJMTyGE3MZ5SOqDO6EzYJQR6cAcato8kElAoGARc+e\nog2J0UsUpKmTTgyoEfVD+KghdA4JO7uviDETvEuk5BOXk9Grdyi8eiq7kDZT/RkC\nKBJDuhB7mouxH6xMTlMQHARBQhHGbAS5/NaVkfHzrxm5vq+/M606i1WrZno216WE\nusrdtD8yGU6sKT42je5A5DQ4YmxFZq0bGQNlgnkCgYBEdXIBd+yuZH09hFgbPYtJ\na4ij7ERx0YThxXc9ZkMNaZZE6ttYz/+M4sJP1C+GVLDp57Kv6pEH7xMJejdF9aiP\n2HjEriwg/7fQo6N3+HmIoID5zI8OVp99g/egYBMp/PpMSflP+hleI913p/ArcClW\nRFBrGLcmxyxymTkHJoIw2Q==\n-----END PRIVATE KEY-----\n",
            "public_key_fingerprint_md5": "3f:8d:1f:10:d2:86:58:e6:2d:20:98:26:c0:66:55:7c",
            "public_key_fingerprint_sha256": "SHA256:mVUSWgZ8+c3M/w2GEM/lAmlTJBdNB4u4E9tQ7DiK3zo",
            "public_key_openssh": "ssh-rsa AAAAB3NzaC1yc2EAAAADAQABAAABAQDC0WUblflGA+wb55Ck2UPKJ4UY31e+MAP1dM7LmxC7Jh6tGCQ/arLXOsIOSQxAK4RnlVQ8r523v5YBGmh4BoCpHoxvGrJq3/eO/4ziIOAGsdC1GQFiq26cUfsGp06awPgPAwB19OTnJD+a8NR4pLLLaZ6veC2P7lZXg+FC8791U3rv4gH/Z9C2uexVfvWQ+rEy3x+3KvHqZQocLqEgCA+6ujRFaZxoqvhWFe+1ePUW/lgKC6lUIWd+DziSEQjv6tTezDllvvg6u1VjsjbIK+ZLz5vtRg/+86c6xAwCvyzYafbj2p5Z+jqdgJI+VHKB5BDz3U8qEIiMDATLUX9e9ODV\n",
            "public_key_pem": "-----BEGIN PUBLIC KEY-----\nMIIBIjANBgkqhkiG9w0BAQEFAAOCAQ8AMIIBCgKCAQEAwtFlG5X5RgPsG+eQpNlD\nyieFGN9XvjAD9XTOy5sQuyYerRgkP2qy1zrCDkkMQCuEZ5VUPK+dt7+WARpoeAaA\nqR6Mbxqyat/3jv+M4iDgBrHQtRkBYqtunFH7BqdOmsD4DwMAdfTk5yQ/mvDUeKSy\ny2mer3gtj+5WV4PhQvO/dVN67+IB/2fQtrnsVX71kPqxMt8ftyrx6mUKHC6hIAgP\nuro0RWmcaKr4VhXvtXj1Fv5YCgupVCFnfg84khEI7+rU3sw5Zb74OrtVY7I2yCvm\nS8+b7UYP/vOnOsQMAr8s2Gn249qeWfo6nYCSPlRygeQQ891PKhCIjAwEy1F/XvTg\n1QIDAQAB\n-----END PUBLIC KEY-----\n",
            "rsa_bits": 2048
          },
          "sensitive_attributes": []
        }
      ]
    }
  ],
  "check_results": null
}
