{
  "version": 4,
  "terraform_version": "1.6.6",
  "serial": 250,
  "lineage": "f4d26174-19c9-aa3c-554e-d19e375e194b",
  "outputs": {
    "bastion_host_public_ip": {
      "value": "54.160.214.17",
      "type": "string"
    },
    "kafka_broker_ips": {
      "value": [
        "10.0.4.52",
        "10.0.5.15",
        "10.0.6.235"
      ],
      "type": [
        "tuple",
        [
          "string",
          "string",
          "string"
        ]
      ]
    },
    "kafka_zookeeper_ips": {
      "value": [
        "10.0.4.142",
        "10.0.5.53",
        "10.0.6.98"
      ],
      "type": [
        "tuple",
        [
          "string",
          "string",
          "string"
        ]
      ]
    }
  },
  "resources": [
    {
      "mode": "data",
      "type": "tls_public_key",
      "name": "bastion-public-key",
      "provider": "provider[\"registry.terraform.io/hashicorp/tls\"]",
      "instances": [
        {
          "schema_version": 0,
          "attributes": {
            "algorithm": "RSA",
            "id": "bba78976b7700c5dc351b2073ddffb7aa74239a7",
            "private_key_openssh": null,
            "private_key_pem": "-----BEGIN RSA PRIVATE KEY-----\nMIIEogIBAAKCAQEAwtFlG5X5RgPsG+eQpNlDyieFGN9XvjAD9XTOy5sQuyYerRgk\nP2qy1zrCDkkMQCuEZ5VUPK+dt7+WARpoeAaAqR6Mbxqyat/3jv+M4iDgBrHQtRkB\nYqtunFH7BqdOmsD4DwMAdfTk5yQ/mvDUeKSyy2mer3gtj+5WV4PhQvO/dVN67+IB\n/2fQtrnsVX71kPqxMt8ftyrx6mUKHC6hIAgPuro0RWmcaKr4VhXvtXj1Fv5YCgup\nVCFnfg84khEI7+rU3sw5Zb74OrtVY7I2yCvmS8+b7UYP/vOnOsQMAr8s2Gn249qe\nWfo6nYCSPlRygeQQ891PKhCIjAwEy1F/XvTg1QIDAQABAoIBAB1RtBy1smEmH/eH\nHw6gIAKhdfdrTWIzCbV8Ec80lA0GTKGSO4pLvYSEtEXAGpbhtbh9EcNcTqkjrSiX\nV9eQavaIwWvLIcTR1gjwTryNZAm94wIONFYsJKZj9BppPXwuxGZF9mDKLVTX8LaZ\nvfA2IS5Zw+b2eCzsGpRrJZCU7GB0n27Wigir/6Vm2vu09loxEU8pC5GZOeGi7eHl\nhQRWIBdTa1Us46e26gk1NY3yfg8/1iqz6F+wwQpzE4T5hrtb2JgRTBlKU/xvt+PV\nx1dLad56pEPqTmCO0VD1rAj0T7tmAEMrf6MhewHUOJnrHPFXi4PtFRCM0YMWdFuj\nOJ1hIyECgYEA0EgXu0DO5co3SRBlLI0DbF2kBrqA586T6VrvKtfSOuEC8yoCaLiQ\n2zCyqARBOyL0HpuRxXCYCQlPhmredpWhmnnvgn5kXaN2iWieDMLy9twXYSul/2yw\nKPAcylqYb0ozcLCMZP2zzrpxBXgvhf0a3UsQhIX8RXoYwVWLtPAKIc0CgYEA73Ol\nZZMEXZXU4Yx64jA8OEpb9uP8W7DOkiIn2D4Bi7jKeGcpZ/JguDOa6Ld4xVq/uJLx\nGiwhjbdFG8PdQ2YUsflAy39JcKcb/HOSvrfURnfh5RakFIvLr4Jatqyh9bR6fBlo\neF1CIps1sYYD8B1dv9VTAhd0bQRMaM7JB1XgUykCgYBPLokvHBVMENNxyHTeOgHK\nKdNY54BoIAXlWjfAjuoSjkaD0T23OCuB2QKik3OFGuW52STS7dou3UZJcMmARaR5\nSNAASTK40pMW7Bnh+h9KMCQHQgPKljRma9pWJ5j5/jiOJ+BH6Jd6CTE8hhNzGeUj\nqgzuhM2CUEenAHGraPJBJQKBgEXPnqINidFLFKSpk04MqBH1Q/ioIXQOCTu7r4gx\nE7xLpOQTl5PRq3covHoqu5A2U/0ZAigSQ7oQe5qLsR+sTE5TEBwEQUIRxmwEufzW\nlZHx868Zub6vvzOtOotVq2Z6NtelhLrK3bQ/MhlOrCk+No3uQOQ0OGJsRWatGxkD\nZYJ5AoGARHVyAXfsrmR9PYRYGz2LSWuIo+xEcdGE4cV3PWZDDWmWROrbWM//jOLC\nT9QvhlSw6eeyr+qRB+8TCXo3RfWoj9h4xK4sIP+30KOjd/h5iKCA+cyPDlaffYP3\noGATKfz6TEn5T/oZXiPdd6fwK3ApVkRQaxi3Jscscpk5ByaCMNk=\n-----END RSA PRIVATE KEY-----\n",
            "public_key_fingerprint_md5": "3f:8d:1f:10:d2:86:58:e6:2d:20:98:26:c0:66:55:7c",
            "public_key_fingerprint_sha256": "SHA256:mVUSWgZ8+c3M/w2GEM/lAmlTJBdNB4u4E9tQ7DiK3zo",
            "public_key_openssh": "ssh-rsa AAAAB3NzaC1yc2EAAAADAQABAAABAQDC0WUblflGA+wb55Ck2UPKJ4UY31e+MAP1dM7LmxC7Jh6tGCQ/arLXOsIOSQxAK4RnlVQ8r523v5YBGmh4BoCpHoxvGrJq3/eO/4ziIOAGsdC1GQFiq26cUfsGp06awPgPAwB19OTnJD+a8NR4pLLLaZ6veC2P7lZXg+FC8791U3rv4gH/Z9C2uexVfvWQ+rEy3x+3KvHqZQocLqEgCA+6ujRFaZxoqvhWFe+1ePUW/lgKC6lUIWd+DziSEQjv6tTezDllvvg6u1VjsjbIK+ZLz5vtRg/+86c6xAwCvyzYafbj2p5Z+jqdgJI+VHKB5BDz3U8qEIiMDATLUX9e9ODV\n",
            "public_key_pem": "-----BEGIN PUBLIC KEY-----\nMIIBIjANBgkqhkiG9w0BAQEFAAOCAQ8AMIIBCgKCAQEAwtFlG5X5RgPsG+eQpNlD\nyieFGN9XvjAD9XTOy5sQuyYerRgkP2qy1zrCDkkMQCuEZ5VUPK+dt7+WARpoeAaA\nqR6Mbxqyat/3jv+M4iDgBrHQtRkBYqtunFH7BqdOmsD4DwMAdfTk5yQ/mvDUeKSy\ny2mer3gtj+5WV4PhQvO/dVN67+IB/2fQtrnsVX71kPqxMt8ftyrx6mUKHC6hIAgP\nuro0RWmcaKr4VhXvtXj1Fv5YCgupVCFnfg84khEI7+rU3sw5Zb74OrtVY7I2yCvm\nS8+b7UYP/vOnOsQMAr8s2Gn249qeWfo6nYCSPlRygeQQ891PKhCIjAwEy1F/XvTg\n1QIDAQAB\n-----END PUBLIC KEY-----\n"
          },
          "sensitive_attributes": [
            [
              {
                "type": "get_attr",
                "value": "private_key_pem"
              }
            ]
          ]
        }
      ]
    },
    {
      "mode": "data",
      "type": "tls_public_key",
      "name": "brokers-public-key",
      "provider": "provider[\"registry.terraform.io/hashicorp/tls\"]",
      "instances": [
        {
          "schema_version": 0,
          "attributes": {
            "algorithm": "RSA",
            "id": "44298bbe9497e1d646a0098af6fed14dc5f8d57a",
            "private_key_openssh": null,
            "private_key_pem": "-----BEGIN RSA PRIVATE KEY-----\nMIIEowIBAAKCAQEAwH26MI77NC954Pf96iABniQli0iLi2sE1LCTlcJ0BNMQoURK\nFFCcBOm+Sd3wuoStQ0mmMxX5yYctDjtYIy6wXYYpv9LB4e08ykjIHL8+KtpsnERF\nixnZms2Ed2cZcpqe9vRmewECXDjPcR0r/2N60rRXQhk83niTCqWPNP4kVFI0pbjL\nxmbFmfxJQg4E926NXNgGV/Ku3BYwaIS2wpUPhiu9Ebn5ijuufg90wkKIEB4RZelU\nIuD2CzlNERpR2h8oIHsuzB88WxzH0dUrJlxIDZr/hzCTlVSXEZuoqZA4eKQPyPjH\nV75M5O1mOi6IIKGKsNmUAs/ZBpxltX5Kg3uR6wIDAQABAoIBAGAmbTqUMSaAEIEv\nXsXz9trnc1l/gzTA4EjdatsDprBCPaxQUDCVk1lg6Iw9MGH6pBFYWIxsDbl8rCTP\nv9bTG4Wb3n7S58XSmurwMAUsAgGl2Vq1P4ecAfYxclmyRiPY2E7DBe2rM2KdfgEi\ncTfAmTlmm6+Iq770u3419LKjv8Hd8E3TwqrGI0fV5KYLSAHiUOst9wyXklaUgIio\nn2g0AWm8Hvlm9XBlowh5JNjSYNOeL0Hfx1vJD6t+svxZmy5ssM8IjSnix51HCNf4\n9QSzCN8WibsXO5I55sT0jZ3BXbIaJL8KhzhPhOsDFVPqWnvj5ABzjUO0xsi2iFCk\nbZfqBgECgYEA1yrwlGqcNOJXg8Ryotv9KxsW3BWshLsYEjMrRKIsmPiF41KJl0a0\nyyDZSr3RfmjjnfChLJLrj+2vncxbMejFLr5GCVYGQWVO8o70zb3eoME08gtDPeT9\nICi0JW5RmOwpQgln/5Tq9tzivp18X5R8aDsf1hlUQKVw4r7E4tKPAPMCgYEA5QUi\nrPwhCjoTCBZht5Z7fy3+dR/gUs7b521VIOp0Jj4W5JbabxgF3D82T2nb8RUX5RGR\nJ1jGw4vIggNVln7tn9Re94W9APcw4cf+CtiJjyIcqX+sWB4H8Qm5EnpwdRruvQkE\nmDFBdxs/dCHUFDqT/mQGNZjjXVducaQLP648qSkCgYEAomGajDdkyZhjeWLhLL0e\n89AO0Wtd9hGIWfvZ1IMbaxprWKIqikrnGEEjG3/jQSYBWWmHCS+brNQw68KUtDa5\n0Mvx6QvNzr6Y9P8kCr0W7XTB80TCq0xMJ1/wjCsUU3cur9KPdNe69zC9wiLyAOP7\ne2HbZeVZqyvv5H8Z8R/8ojcCgYAwm9RuTt1cZFMhxk5bPw9bQRHfHjLooItAJY6J\n+/lHHKqTPgmCxuCHjMskM93A369AqWfbqBYX7xVRsw95b9tTrymw86vYBp9TbLVY\n6/jWbnES8MxNr6IT4PJtH5u630qIyN82xk2U0C25omx3Fq/OsMA4pAiuCR6h9CWH\nEJ5DcQKBgHs3iVCijyN21QwLjaSQlENfBNiCx0KZCL4MQJdeojMxAv1Sfw+5B+HO\nxn3brg2EVbc4XslJhWxE4BFyjS4oErhxHs/0yjktkY3BqusyFJNblRFg4Mf/9sot\n7Aou6+E++FTMlp7BVOK0WH8BlYCssgmWqU39pUq6r+E9sSCWnY4P\n-----END RSA PRIVATE KEY-----\n",
            "public_key_fingerprint_md5": "cf:a4:45:94:16:bb:0f:82:06:2e:8b:9e:03:af:8c:38",
            "public_key_fingerprint_sha256": "SHA256:Q3Hqwma16VvTOzBZIoI2iRhpXU+hS04P6JyhZrtQi0k",
            "public_key_openssh": "ssh-rsa AAAAB3NzaC1yc2EAAAADAQABAAABAQDAfbowjvs0L3ng9/3qIAGeJCWLSIuLawTUsJOVwnQE0xChREoUUJwE6b5J3fC6hK1DSaYzFfnJhy0OO1gjLrBdhim/0sHh7TzKSMgcvz4q2mycREWLGdmazYR3Zxlymp729GZ7AQJcOM9xHSv/Y3rStFdCGTzeeJMKpY80/iRUUjSluMvGZsWZ/ElCDgT3bo1c2AZX8q7cFjBohLbClQ+GK70RufmKO65+D3TCQogQHhFl6VQi4PYLOU0RGlHaHyggey7MHzxbHMfR1SsmXEgNmv+HMJOVVJcRm6ipkDh4pA/I+MdXvkzk7WY6LoggoYqw2ZQCz9kGnGW1fkqDe5Hr\n",
            "public_key_pem": "-----BEGIN PUBLIC KEY-----\nMIIBIjANBgkqhkiG9w0BAQEFAAOCAQ8AMIIBCgKCAQEAwH26MI77NC954Pf96iAB\nniQli0iLi2sE1LCTlcJ0BNMQoURKFFCcBOm+Sd3wuoStQ0mmMxX5yYctDjtYIy6w\nXYYpv9LB4e08ykjIHL8+KtpsnERFixnZms2Ed2cZcpqe9vRmewECXDjPcR0r/2N6\n0rRXQhk83niTCqWPNP4kVFI0pbjLxmbFmfxJQg4E926NXNgGV/Ku3BYwaIS2wpUP\nhiu9Ebn5ijuufg90wkKIEB4RZelUIuD2CzlNERpR2h8oIHsuzB88WxzH0dUrJlxI\nDZr/hzCTlVSXEZuoqZA4eKQPyPjHV75M5O1mOi6IIKGKsNmUAs/ZBpxltX5Kg3uR\n6wIDAQAB\n-----END PUBLIC KEY-----\n"
          },
          "sensitive_attributes": [
            [
              {
                "type": "get_attr",
                "value": "private_key_pem"
              }
            ]
          ]
        }
      ]
    },
    {
      "mode": "managed",
      "type": "aws_ebs_volume",
      "name": "zookeeper_ebs",
      "provider": "provider[\"registry.terraform.io/hashicorp/aws\"]",
      "instances": [
        {
          "index_key": 0,
          "schema_version": 0,
          "attributes": {
            "arn": "arn:aws:ec2:us-east-1:538871673508:volume/vol-0352a5294cb8d8e4c",
            "availability_zone": "us-east-1a",
            "encrypted": false,
            "final_snapshot": false,
            "id": "vol-0352a5294cb8d8e4c",
            "iops": 120,
            "kms_key_id": "",
            "multi_attach_enabled": false,
            "outpost_arn": "",
            "size": 40,
            "snapshot_id": "",
            "tags": {
              "Name": "zookeeper-ebs-1"
            },
            "tags_all": {
              "Name": "zookeeper-ebs-1"
            },
            "throughput": 0,
            "timeouts": null,
            "type": "gp2"
          },
          "sensitive_attributes": [],
          "private": "eyJlMmJmYjczMC1lY2FhLTExZTYtOGY4OC0zNDM2M2JjN2M0YzAiOnsiY3JlYXRlIjozMDAwMDAwMDAwMDAsImRlbGV0ZSI6MzAwMDAwMDAwMDAwLCJ1cGRhdGUiOjMwMDAwMDAwMDAwMH19",
          "dependencies": [
            "aws_instance.kafka_zookeeper",
            "aws_key_pair.brokers_key_pair",
            "aws_security_group.bastion_sg",
            "aws_security_group.kafka_zookeeper_sg",
            "aws_subnet.private_subnets",
            "aws_vpc.main",
            "data.tls_public_key.brokers-public-key",
            "tls_private_key.brokers-private-key"
          ]
        },
        {
          "index_key": 1,
          "schema_version": 0,
          "attributes": {
            "arn": "arn:aws:ec2:us-east-1:538871673508:volume/vol-091d127ad41da91c5",
            "availability_zone": "us-east-1b",
            "encrypted": false,
            "final_snapshot": false,
            "id": "vol-091d127ad41da91c5",
            "iops": 120,
            "kms_key_id": "",
            "multi_attach_enabled": false,
            "outpost_arn": "",
            "size": 40,
            "snapshot_id": "",
            "tags": {
              "Name": "zookeeper-ebs-2"
            },
            "tags_all": {
              "Name": "zookeeper-ebs-2"
            },
            "throughput": 0,
            "timeouts": null,
            "type": "gp2"
          },
          "sensitive_attributes": [],
          "private": "eyJlMmJmYjczMC1lY2FhLTExZTYtOGY4OC0zNDM2M2JjN2M0YzAiOnsiY3JlYXRlIjozMDAwMDAwMDAwMDAsImRlbGV0ZSI6MzAwMDAwMDAwMDAwLCJ1cGRhdGUiOjMwMDAwMDAwMDAwMH19",
          "dependencies": [
            "aws_instance.kafka_zookeeper",
            "aws_key_pair.brokers_key_pair",
            "aws_security_group.bastion_sg",
            "aws_security_group.kafka_zookeeper_sg",
            "aws_subnet.private_subnets",
            "aws_vpc.main",
            "data.tls_public_key.brokers-public-key",
            "tls_private_key.brokers-private-key"
          ]
        },
        {
          "index_key": 2,
          "schema_version": 0,
          "attributes": {
            "arn": "arn:aws:ec2:us-east-1:538871673508:volume/vol-0df64aa24e42857f4",
            "availability_zone": "us-east-1c",
            "encrypted": false,
            "final_snapshot": false,
            "id": "vol-0df64aa24e42857f4",
            "iops": 120,
            "kms_key_id": "",
            "multi_attach_enabled": false,
            "outpost_arn": "",
            "size": 40,
            "snapshot_id": "",
            "tags": {
              "Name": "zookeeper-ebs-3"
            },
            "tags_all": {
              "Name": "zookeeper-ebs-3"
            },
            "throughput": 0,
            "timeouts": null,
            "type": "gp2"
          },
          "sensitive_attributes": [],
          "private": "eyJlMmJmYjczMC1lY2FhLTExZTYtOGY4OC0zNDM2M2JjN2M0YzAiOnsiY3JlYXRlIjozMDAwMDAwMDAwMDAsImRlbGV0ZSI6MzAwMDAwMDAwMDAwLCJ1cGRhdGUiOjMwMDAwMDAwMDAwMH19",
          "dependencies": [
            "aws_instance.kafka_zookeeper",
            "aws_key_pair.brokers_key_pair",
            "aws_security_group.bastion_sg",
            "aws_security_group.kafka_zookeeper_sg",
            "aws_subnet.private_subnets",
            "aws_vpc.main",
            "data.tls_public_key.brokers-public-key",
            "tls_private_key.brokers-private-key"
          ]
        }
      ]
    },
    {
      "mode": "managed",
      "type": "aws_instance",
      "name": "bastion_host",
      "provider": "provider[\"registry.terraform.io/hashicorp/aws\"]",
      "instances": [
        {
          "schema_version": 1,
          "attributes": {
            "ami": "ami-0c7217cdde317cfec",
            "arn": "arn:aws:ec2:us-east-1:538871673508:instance/i-00b8fb527fca8bf72",
            "associate_public_ip_address": true,
            "availability_zone": "us-east-1a",
            "capacity_reservation_specification": [
              {
                "capacity_reservation_preference": "open",
                "capacity_reservation_target": []
              }
            ],
            "cpu_core_count": 2,
            "cpu_options": [
              {
                "amd_sev_snp": "",
                "core_count": 2,
                "threads_per_core": 1
              }
            ],
            "cpu_threads_per_core": 1,
            "credit_specification": [
              {
                "cpu_credits": "standard"
              }
            ],
            "disable_api_stop": false,
            "disable_api_termination": false,
            "ebs_block_device": [],
            "ebs_optimized": false,
            "enclave_options": [
              {
                "enabled": false
              }
            ],
            "ephemeral_block_device": [],
            "get_password_data": false,
            "hibernation": false,
            "host_id": "",
            "host_resource_group_arn": null,
            "iam_instance_profile": "",
            "id": "i-00b8fb527fca8bf72",
            "instance_initiated_shutdown_behavior": "stop",
            "instance_lifecycle": "",
            "instance_market_options": [],
            "instance_state": "running",
            "instance_type": "t2.medium",
            "ipv6_address_count": 0,
            "ipv6_addresses": [],
            "key_name": "bastion-key-pair",
            "launch_template": [],
            "maintenance_options": [
              {
                "auto_recovery": "default"
              }
            ],
            "metadata_options": [
              {
                "http_endpoint": "enabled",
                "http_protocol_ipv6": "disabled",
                "http_put_response_hop_limit": 1,
                "http_tokens": "optional",
                "instance_metadata_tags": "disabled"
              }
            ],
            "monitoring": false,
            "network_interface": [],
            "outpost_arn": "",
            "password_data": "",
            "placement_group": "",
            "placement_partition_number": 0,
            "primary_network_interface_id": "eni-0307e11c985cb7e17",
            "private_dns": "ip-10-0-1-235.ec2.internal",
            "private_dns_name_options": [
              {
                "enable_resource_name_dns_a_record": false,
                "enable_resource_name_dns_aaaa_record": false,
                "hostname_type": "ip-name"
              }
            ],
            "private_ip": "10.0.1.235",
            "public_dns": "",
            "public_ip": "54.160.214.17",
            "root_block_device": [
              {
                "delete_on_termination": true,
                "device_name": "/dev/sda1",
                "encrypted": false,
                "iops": 100,
                "kms_key_id": "",
                "tags": {},
                "throughput": 0,
                "volume_id": "vol-08ad031b04ac5194f",
                "volume_size": 8,
                "volume_type": "gp2"
              }
            ],
            "secondary_private_ips": [],
            "security_groups": [],
            "source_dest_check": true,
            "spot_instance_request_id": "",
            "subnet_id": "subnet-04bad4491288fcd2d",
            "tags": {
              "Name": "bastion-host"
            },
            "tags_all": {
              "Name": "bastion-host"
            },
            "tenancy": "default",
            "timeouts": null,
            "user_data": null,
            "user_data_base64": null,
            "user_data_replace_on_change": false,
            "volume_tags": null,
            "vpc_security_group_ids": [
              "sg-0e8a685e6a72f41ca"
            ]
          },
          "sensitive_attributes": [],
          "private": "eyJlMmJmYjczMC1lY2FhLTExZTYtOGY4OC0zNDM2M2JjN2M0YzAiOnsiY3JlYXRlIjo2MDAwMDAwMDAwMDAsImRlbGV0ZSI6MTIwMDAwMDAwMDAwMCwidXBkYXRlIjo2MDAwMDAwMDAwMDB9LCJzY2hlbWFfdmVyc2lvbiI6IjEifQ==",
          "dependencies": [
            "aws_key_pair.key_pair",
            "aws_security_group.bastion_sg",
            "aws_subnet.private_subnets",
            "aws_subnet.public_subnets",
            "aws_vpc.main",
            "data.tls_public_key.bastion-public-key",
            "tls_private_key.bastion-private-key"
          ]
        }
      ]
    },
    {
      "mode": "managed",
      "type": "aws_instance",
      "name": "kafka_broker",
      "provider": "provider[\"registry.terraform.io/hashicorp/aws\"]",
      "instances": [
        {
          "index_key": 0,
          "schema_version": 1,
          "attributes": {
            "ami": "ami-0c7217cdde317cfec",
            "arn": "arn:aws:ec2:us-east-1:538871673508:instance/i-0cd5eb3f7ab88bc68",
            "associate_public_ip_address": false,
            "availability_zone": "us-east-1a",
            "capacity_reservation_specification": [
              {
                "capacity_reservation_preference": "open",
                "capacity_reservation_target": []
              }
            ],
            "cpu_core_count": 2,
            "cpu_options": [
              {
                "amd_sev_snp": "",
                "core_count": 2,
                "threads_per_core": 1
              }
            ],
            "cpu_threads_per_core": 1,
            "credit_specification": [
              {
                "cpu_credits": "standard"
              }
            ],
            "disable_api_stop": false,
            "disable_api_termination": false,
            "ebs_block_device": [],
            "ebs_optimized": false,
            "enclave_options": [
              {
                "enabled": false
              }
            ],
            "ephemeral_block_device": [],
            "get_password_data": false,
            "hibernation": false,
            "host_id": "",
            "host_resource_group_arn": null,
            "iam_instance_profile": "",
            "id": "i-0cd5eb3f7ab88bc68",
            "instance_initiated_shutdown_behavior": "stop",
            "instance_lifecycle": "",
            "instance_market_options": [],
            "instance_state": "running",
            "instance_type": "t2.large",
            "ipv6_address_count": 0,
            "ipv6_addresses": [],
            "key_name": "brokers-key-pair",
            "launch_template": [],
            "maintenance_options": [
              {
                "auto_recovery": "default"
              }
            ],
            "metadata_options": [
              {
                "http_endpoint": "enabled",
                "http_protocol_ipv6": "disabled",
                "http_put_response_hop_limit": 1,
                "http_tokens": "optional",
                "instance_metadata_tags": "disabled"
              }
            ],
            "monitoring": false,
            "network_interface": [],
            "outpost_arn": "",
            "password_data": "",
            "placement_group": "",
            "placement_partition_number": 0,
            "primary_network_interface_id": "eni-0cdc7527b222ba364",
            "private_dns": "ip-10-0-4-52.ec2.internal",
            "private_dns_name_options": [
              {
                "enable_resource_name_dns_a_record": false,
                "enable_resource_name_dns_aaaa_record": false,
                "hostname_type": "ip-name"
              }
            ],
            "private_ip": "10.0.4.52",
            "public_dns": "",
            "public_ip": "",
            "root_block_device": [
              {
                "delete_on_termination": true,
                "device_name": "/dev/sda1",
                "encrypted": false,
                "iops": 100,
                "kms_key_id": "",
                "tags": {},
                "throughput": 0,
                "volume_id": "vol-0037b3b7d5de5b9fd",
                "volume_size": 8,
                "volume_type": "gp2"
              }
            ],
            "secondary_private_ips": [],
            "security_groups": [],
            "source_dest_check": true,
            "spot_instance_request_id": "",
            "subnet_id": "subnet-0f34c1e9cc78da970",
            "tags": {
              "Name": "kafka-broker-1"
            },
            "tags_all": {
              "Name": "kafka-broker-1"
            },
            "tenancy": "default",
            "timeouts": null,
            "user_data": null,
            "user_data_base64": null,
            "user_data_replace_on_change": false,
            "volume_tags": null,
            "vpc_security_group_ids": [
              "sg-04287572bf65ea5e2"
            ]
          },
          "sensitive_attributes": [],
          "private": "eyJlMmJmYjczMC1lY2FhLTExZTYtOGY4OC0zNDM2M2JjN2M0YzAiOnsiY3JlYXRlIjo2MDAwMDAwMDAwMDAsImRlbGV0ZSI6MTIwMDAwMDAwMDAwMCwidXBkYXRlIjo2MDAwMDAwMDAwMDB9LCJzY2hlbWFfdmVyc2lvbiI6IjEifQ==",
          "dependencies": [
            "aws_key_pair.brokers_key_pair",
            "aws_security_group.bastion_sg",
            "aws_security_group.kafka_broker_sg",
            "aws_subnet.private_subnets",
            "aws_vpc.main",
            "data.tls_public_key.brokers-public-key",
            "tls_private_key.brokers-private-key"
          ]
        },
        {
          "index_key": 1,
          "schema_version": 1,
          "attributes": {
            "ami": "ami-0c7217cdde317cfec",
            "arn": "arn:aws:ec2:us-east-1:538871673508:instance/i-0ee64bf4a1113c531",
            "associate_public_ip_address": false,
            "availability_zone": "us-east-1b",
            "capacity_reservation_specification": [
              {
                "capacity_reservation_preference": "open",
                "capacity_reservation_target": []
              }
            ],
            "cpu_core_count": 2,
            "cpu_options": [
              {
                "amd_sev_snp": "",
                "core_count": 2,
                "threads_per_core": 1
              }
            ],
            "cpu_threads_per_core": 1,
            "credit_specification": [
              {
                "cpu_credits": "standard"
              }
            ],
            "disable_api_stop": false,
            "disable_api_termination": false,
            "ebs_block_device": [],
            "ebs_optimized": false,
            "enclave_options": [
              {
                "enabled": false
              }
            ],
            "ephemeral_block_device": [],
            "get_password_data": false,
            "hibernation": false,
            "host_id": "",
            "host_resource_group_arn": null,
            "iam_instance_profile": "",
            "id": "i-0ee64bf4a1113c531",
            "instance_initiated_shutdown_behavior": "stop",
            "instance_lifecycle": "",
            "instance_market_options": [],
            "instance_state": "running",
            "instance_type": "t2.large",
            "ipv6_address_count": 0,
            "ipv6_addresses": [],
            "key_name": "brokers-key-pair",
            "launch_template": [],
            "maintenance_options": [
              {
                "auto_recovery": "default"
              }
            ],
            "metadata_options": [
              {
                "http_endpoint": "enabled",
                "http_protocol_ipv6": "disabled",
                "http_put_response_hop_limit": 1,
                "http_tokens": "optional",
                "instance_metadata_tags": "disabled"
              }
            ],
            "monitoring": false,
            "network_interface": [],
            "outpost_arn": "",
            "password_data": "",
            "placement_group": "",
            "placement_partition_number": 0,
            "primary_network_interface_id": "eni-0caf69315fd077f15",
            "private_dns": "ip-10-0-5-15.ec2.internal",
            "private_dns_name_options": [
              {
                "enable_resource_name_dns_a_record": false,
                "enable_resource_name_dns_aaaa_record": false,
                "hostname_type": "ip-name"
              }
            ],
            "private_ip": "10.0.5.15",
            "public_dns": "",
            "public_ip": "",
            "root_block_device": [
              {
                "delete_on_termination": true,
                "device_name": "/dev/sda1",
                "encrypted": false,
                "iops": 100,
                "kms_key_id": "",
                "tags": {},
                "throughput": 0,
                "volume_id": "vol-09d988dd10944758e",
                "volume_size": 8,
                "volume_type": "gp2"
              }
            ],
            "secondary_private_ips": [],
            "security_groups": [],
            "source_dest_check": true,
            "spot_instance_request_id": "",
            "subnet_id": "subnet-0014cd35e666754b8",
            "tags": {
              "Name": "kafka-broker-2"
            },
            "tags_all": {
              "Name": "kafka-broker-2"
            },
            "tenancy": "default",
            "timeouts": null,
            "user_data": null,
            "user_data_base64": null,
            "user_data_replace_on_change": false,
            "volume_tags": null,
            "vpc_security_group_ids": [
              "sg-04287572bf65ea5e2"
            ]
          },
          "sensitive_attributes": [],
          "private": "eyJlMmJmYjczMC1lY2FhLTExZTYtOGY4OC0zNDM2M2JjN2M0YzAiOnsiY3JlYXRlIjo2MDAwMDAwMDAwMDAsImRlbGV0ZSI6MTIwMDAwMDAwMDAwMCwidXBkYXRlIjo2MDAwMDAwMDAwMDB9LCJzY2hlbWFfdmVyc2lvbiI6IjEifQ==",
          "dependencies": [
            "aws_key_pair.brokers_key_pair",
            "aws_security_group.bastion_sg",
            "aws_security_group.kafka_broker_sg",
            "aws_subnet.private_subnets",
            "aws_vpc.main",
            "data.tls_public_key.brokers-public-key",
            "tls_private_key.brokers-private-key"
          ]
        },
        {
          "index_key": 2,
          "schema_version": 1,
          "attributes": {
            "ami": "ami-0c7217cdde317cfec",
            "arn": "arn:aws:ec2:us-east-1:538871673508:instance/i-0164d58b37574c468",
            "associate_public_ip_address": false,
            "availability_zone": "us-east-1c",
            "capacity_reservation_specification": [
              {
                "capacity_reservation_preference": "open",
                "capacity_reservation_target": []
              }
            ],
            "cpu_core_count": 2,
            "cpu_options": [
              {
                "amd_sev_snp": "",
                "core_count": 2,
                "threads_per_core": 1
              }
            ],
            "cpu_threads_per_core": 1,
            "credit_specification": [
              {
                "cpu_credits": "standard"
              }
            ],
            "disable_api_stop": false,
            "disable_api_termination": false,
            "ebs_block_device": [],
            "ebs_optimized": false,
            "enclave_options": [
              {
                "enabled": false
              }
            ],
            "ephemeral_block_device": [],
            "get_password_data": false,
            "hibernation": false,
            "host_id": "",
            "host_resource_group_arn": null,
            "iam_instance_profile": "",
            "id": "i-0164d58b37574c468",
            "instance_initiated_shutdown_behavior": "stop",
            "instance_lifecycle": "",
            "instance_market_options": [],
            "instance_state": "running",
            "instance_type": "t2.large",
            "ipv6_address_count": 0,
            "ipv6_addresses": [],
            "key_name": "brokers-key-pair",
            "launch_template": [],
            "maintenance_options": [
              {
                "auto_recovery": "default"
              }
            ],
            "metadata_options": [
              {
                "http_endpoint": "enabled",
                "http_protocol_ipv6": "disabled",
                "http_put_response_hop_limit": 1,
                "http_tokens": "optional",
                "instance_metadata_tags": "disabled"
              }
            ],
            "monitoring": false,
            "network_interface": [],
            "outpost_arn": "",
            "password_data": "",
            "placement_group": "",
            "placement_partition_number": 0,
            "primary_network_interface_id": "eni-009b6a27dcd69eeb1",
            "private_dns": "ip-10-0-6-235.ec2.internal",
            "private_dns_name_options": [
              {
                "enable_resource_name_dns_a_record": false,
                "enable_resource_name_dns_aaaa_record": false,
                "hostname_type": "ip-name"
              }
            ],
            "private_ip": "10.0.6.235",
            "public_dns": "",
            "public_ip": "",
            "root_block_device": [
              {
                "delete_on_termination": true,
                "device_name": "/dev/sda1",
                "encrypted": false,
                "iops": 100,
                "kms_key_id": "",
                "tags": {},
                "throughput": 0,
                "volume_id": "vol-057f92485640e7999",
                "volume_size": 8,
                "volume_type": "gp2"
              }
            ],
            "secondary_private_ips": [],
            "security_groups": [],
            "source_dest_check": true,
            "spot_instance_request_id": "",
            "subnet_id": "subnet-07da8b0b9ef41bc62",
            "tags": {
              "Name": "kafka-broker-3"
            },
            "tags_all": {
              "Name": "kafka-broker-3"
            },
            "tenancy": "default",
            "timeouts": null,
            "user_data": null,
            "user_data_base64": null,
            "user_data_replace_on_change": false,
            "volume_tags": null,
            "vpc_security_group_ids": [
              "sg-04287572bf65ea5e2"
            ]
          },
          "sensitive_attributes": [],
          "private": "eyJlMmJmYjczMC1lY2FhLTExZTYtOGY4OC0zNDM2M2JjN2M0YzAiOnsiY3JlYXRlIjo2MDAwMDAwMDAwMDAsImRlbGV0ZSI6MTIwMDAwMDAwMDAwMCwidXBkYXRlIjo2MDAwMDAwMDAwMDB9LCJzY2hlbWFfdmVyc2lvbiI6IjEifQ==",
          "dependencies": [
            "aws_key_pair.brokers_key_pair",
            "aws_security_group.bastion_sg",
            "aws_security_group.kafka_broker_sg",
            "aws_subnet.private_subnets",
            "aws_vpc.main",
            "data.tls_public_key.brokers-public-key",
            "tls_private_key.brokers-private-key"
          ]
        }
      ]
    },
    {
      "mode": "managed",
      "type": "aws_instance",
      "name": "kafka_zookeeper",
      "provider": "provider[\"registry.terraform.io/hashicorp/aws\"]",
      "instances": [
        {
          "index_key": 0,
          "schema_version": 1,
          "attributes": {
            "ami": "ami-0c7217cdde317cfec",
            "arn": "arn:aws:ec2:us-east-1:538871673508:instance/i-0bb632c68a4d07373",
            "associate_public_ip_address": false,
            "availability_zone": "us-east-1a",
            "capacity_reservation_specification": [
              {
                "capacity_reservation_preference": "open",
                "capacity_reservation_target": []
              }
            ],
            "cpu_core_count": 2,
            "cpu_options": [
              {
                "amd_sev_snp": "",
                "core_count": 2,
                "threads_per_core": 1
              }
            ],
            "cpu_threads_per_core": 1,
            "credit_specification": [
              {
                "cpu_credits": "standard"
              }
            ],
            "disable_api_stop": false,
            "disable_api_termination": false,
            "ebs_block_device": [],
            "ebs_optimized": false,
            "enclave_options": [
              {
                "enabled": false
              }
            ],
            "ephemeral_block_device": [],
            "get_password_data": false,
            "hibernation": false,
            "host_id": "",
            "host_resource_group_arn": null,
            "iam_instance_profile": "",
            "id": "i-0bb632c68a4d07373",
            "instance_initiated_shutdown_behavior": "stop",
            "instance_lifecycle": "",
            "instance_market_options": [],
            "instance_state": "running",
            "instance_type": "t2.medium",
            "ipv6_address_count": 0,
            "ipv6_addresses": [],
            "key_name": "brokers-key-pair",
            "launch_template": [],
            "maintenance_options": [
              {
                "auto_recovery": "default"
              }
            ],
            "metadata_options": [
              {
                "http_endpoint": "enabled",
                "http_protocol_ipv6": "disabled",
                "http_put_response_hop_limit": 1,
                "http_tokens": "optional",
                "instance_metadata_tags": "disabled"
              }
            ],
            "monitoring": false,
            "network_interface": [],
            "outpost_arn": "",
            "password_data": "",
            "placement_group": "",
            "placement_partition_number": 0,
            "primary_network_interface_id": "eni-0c85acd6094e29a9b",
            "private_dns": "ip-10-0-4-142.ec2.internal",
            "private_dns_name_options": [
              {
                "enable_resource_name_dns_a_record": false,
                "enable_resource_name_dns_aaaa_record": false,
                "hostname_type": "ip-name"
              }
            ],
            "private_ip": "10.0.4.142",
            "public_dns": "",
            "public_ip": "",
            "root_block_device": [
              {
                "delete_on_termination": true,
                "device_name": "/dev/sda1",
                "encrypted": false,
                "iops": 100,
                "kms_key_id": "",
                "tags": {},
                "throughput": 0,
                "volume_id": "vol-0c7c80a5ed734d058",
                "volume_size": 8,
                "volume_type": "gp2"
              }
            ],
            "secondary_private_ips": [],
            "security_groups": [],
            "source_dest_check": true,
            "spot_instance_request_id": "",
            "subnet_id": "subnet-0f34c1e9cc78da970",
            "tags": {
              "Name": "kafka-zookeeper-1"
            },
            "tags_all": {
              "Name": "kafka-zookeeper-1"
            },
            "tenancy": "default",
            "timeouts": null,
            "user_data": null,
            "user_data_base64": null,
            "user_data_replace_on_change": false,
            "volume_tags": null,
            "vpc_security_group_ids": [
              "sg-06c6224f72e8067ce"
            ]
          },
          "sensitive_attributes": [],
          "private": "eyJlMmJmYjczMC1lY2FhLTExZTYtOGY4OC0zNDM2M2JjN2M0YzAiOnsiY3JlYXRlIjo2MDAwMDAwMDAwMDAsImRlbGV0ZSI6MTIwMDAwMDAwMDAwMCwidXBkYXRlIjo2MDAwMDAwMDAwMDB9LCJzY2hlbWFfdmVyc2lvbiI6IjEifQ==",
          "dependencies": [
            "aws_key_pair.brokers_key_pair",
            "aws_security_group.bastion_sg",
            "aws_security_group.kafka_zookeeper_sg",
            "aws_subnet.private_subnets",
            "aws_vpc.main",
            "data.tls_public_key.brokers-public-key",
            "tls_private_key.brokers-private-key"
          ]
        },
        {
          "index_key": 1,
          "schema_version": 1,
          "attributes": {
            "ami": "ami-0c7217cdde317cfec",
            "arn": "arn:aws:ec2:us-east-1:538871673508:instance/i-056f936ef5e20ef94",
            "associate_public_ip_address": false,
            "availability_zone": "us-east-1b",
            "capacity_reservation_specification": [
              {
                "capacity_reservation_preference": "open",
                "capacity_reservation_target": []
              }
            ],
            "cpu_core_count": 2,
            "cpu_options": [
              {
                "amd_sev_snp": "",
                "core_count": 2,
                "threads_per_core": 1
              }
            ],
            "cpu_threads_per_core": 1,
            "credit_specification": [
              {
                "cpu_credits": "standard"
              }
            ],
            "disable_api_stop": false,
            "disable_api_termination": false,
            "ebs_block_device": [],
            "ebs_optimized": false,
            "enclave_options": [
              {
                "enabled": false
              }
            ],
            "ephemeral_block_device": [],
            "get_password_data": false,
            "hibernation": false,
            "host_id": "",
            "host_resource_group_arn": null,
            "iam_instance_profile": "",
            "id": "i-056f936ef5e20ef94",
            "instance_initiated_shutdown_behavior": "stop",
            "instance_lifecycle": "",
            "instance_market_options": [],
            "instance_state": "running",
            "instance_type": "t2.medium",
            "ipv6_address_count": 0,
            "ipv6_addresses": [],
            "key_name": "brokers-key-pair",
            "launch_template": [],
            "maintenance_options": [
              {
                "auto_recovery": "default"
              }
            ],
            "metadata_options": [
              {
                "http_endpoint": "enabled",
                "http_protocol_ipv6": "disabled",
                "http_put_response_hop_limit": 1,
                "http_tokens": "optional",
                "instance_metadata_tags": "disabled"
              }
            ],
            "monitoring": false,
            "network_interface": [],
            "outpost_arn": "",
            "password_data": "",
            "placement_group": "",
            "placement_partition_number": 0,
            "primary_network_interface_id": "eni-0c8d98ba7499248a6",
            "private_dns": "ip-10-0-5-53.ec2.internal",
            "private_dns_name_options": [
              {
                "enable_resource_name_dns_a_record": false,
                "enable_resource_name_dns_aaaa_record": false,
                "hostname_type": "ip-name"
              }
            ],
            "private_ip": "10.0.5.53",
            "public_dns": "",
            "public_ip": "",
            "root_block_device": [
              {
                "delete_on_termination": true,
                "device_name": "/dev/sda1",
                "encrypted": false,
                "iops": 100,
                "kms_key_id": "",
                "tags": {},
                "throughput": 0,
                "volume_id": "vol-0f4530e9e92759227",
                "volume_size": 8,
                "volume_type": "gp2"
              }
            ],
            "secondary_private_ips": [],
            "security_groups": [],
            "source_dest_check": true,
            "spot_instance_request_id": "",
            "subnet_id": "subnet-0014cd35e666754b8",
            "tags": {
              "Name": "kafka-zookeeper-2"
            },
            "tags_all": {
              "Name": "kafka-zookeeper-2"
            },
            "tenancy": "default",
            "timeouts": null,
            "user_data": null,
            "user_data_base64": null,
            "user_data_replace_on_change": false,
            "volume_tags": null,
            "vpc_security_group_ids": [
              "sg-06c6224f72e8067ce"
            ]
          },
          "sensitive_attributes": [],
          "private": "eyJlMmJmYjczMC1lY2FhLTExZTYtOGY4OC0zNDM2M2JjN2M0YzAiOnsiY3JlYXRlIjo2MDAwMDAwMDAwMDAsImRlbGV0ZSI6MTIwMDAwMDAwMDAwMCwidXBkYXRlIjo2MDAwMDAwMDAwMDB9LCJzY2hlbWFfdmVyc2lvbiI6IjEifQ==",
          "dependencies": [
            "aws_key_pair.brokers_key_pair",
            "aws_security_group.bastion_sg",
            "aws_security_group.kafka_zookeeper_sg",
            "aws_subnet.private_subnets",
            "aws_vpc.main",
            "data.tls_public_key.brokers-public-key",
            "tls_private_key.brokers-private-key"
          ]
        },
        {
          "index_key": 2,
          "schema_version": 1,
          "attributes": {
            "ami": "ami-0c7217cdde317cfec",
            "arn": "arn:aws:ec2:us-east-1:538871673508:instance/i-03d3a977e2c478e3f",
            "associate_public_ip_address": false,
            "availability_zone": "us-east-1c",
            "capacity_reservation_specification": [
              {
                "capacity_reservation_preference": "open",
                "capacity_reservation_target": []
              }
            ],
            "cpu_core_count": 2,
            "cpu_options": [
              {
                "amd_sev_snp": "",
                "core_count": 2,
                "threads_per_core": 1
              }
            ],
            "cpu_threads_per_core": 1,
            "credit_specification": [
              {
                "cpu_credits": "standard"
              }
            ],
            "disable_api_stop": false,
            "disable_api_termination": false,
            "ebs_block_device": [],
            "ebs_optimized": false,
            "enclave_options": [
              {
                "enabled": false
              }
            ],
            "ephemeral_block_device": [],
            "get_password_data": false,
            "hibernation": false,
            "host_id": "",
            "host_resource_group_arn": null,
            "iam_instance_profile": "",
            "id": "i-03d3a977e2c478e3f",
            "instance_initiated_shutdown_behavior": "stop",
            "instance_lifecycle": "",
            "instance_market_options": [],
            "instance_state": "running",
            "instance_type": "t2.medium",
            "ipv6_address_count": 0,
            "ipv6_addresses": [],
            "key_name": "brokers-key-pair",
            "launch_template": [],
            "maintenance_options": [
              {
                "auto_recovery": "default"
              }
            ],
            "metadata_options": [
              {
                "http_endpoint": "enabled",
                "http_protocol_ipv6": "disabled",
                "http_put_response_hop_limit": 1,
                "http_tokens": "optional",
                "instance_metadata_tags": "disabled"
              }
            ],
            "monitoring": false,
            "network_interface": [],
            "outpost_arn": "",
            "password_data": "",
            "placement_group": "",
            "placement_partition_number": 0,
            "primary_network_interface_id": "eni-06308d13255fab322",
            "private_dns": "ip-10-0-6-98.ec2.internal",
            "private_dns_name_options": [
              {
                "enable_resource_name_dns_a_record": false,
                "enable_resource_name_dns_aaaa_record": false,
                "hostname_type": "ip-name"
              }
            ],
            "private_ip": "10.0.6.98",
            "public_dns": "",
            "public_ip": "",
            "root_block_device": [
              {
                "delete_on_termination": true,
                "device_name": "/dev/sda1",
                "encrypted": false,
                "iops": 100,
                "kms_key_id": "",
                "tags": {},
                "throughput": 0,
                "volume_id": "vol-0c662019f52c6204b",
                "volume_size": 8,
                "volume_type": "gp2"
              }
            ],
            "secondary_private_ips": [],
            "security_groups": [],
            "source_dest_check": true,
            "spot_instance_request_id": "",
            "subnet_id": "subnet-07da8b0b9ef41bc62",
            "tags": {
              "Name": "kafka-zookeeper-3"
            },
            "tags_all": {
              "Name": "kafka-zookeeper-3"
            },
            "tenancy": "default",
            "timeouts": null,
            "user_data": null,
            "user_data_base64": null,
            "user_data_replace_on_change": false,
            "volume_tags": null,
            "vpc_security_group_ids": [
              "sg-06c6224f72e8067ce"
            ]
          },
          "sensitive_attributes": [],
          "private": "eyJlMmJmYjczMC1lY2FhLTExZTYtOGY4OC0zNDM2M2JjN2M0YzAiOnsiY3JlYXRlIjo2MDAwMDAwMDAwMDAsImRlbGV0ZSI6MTIwMDAwMDAwMDAwMCwidXBkYXRlIjo2MDAwMDAwMDAwMDB9LCJzY2hlbWFfdmVyc2lvbiI6IjEifQ==",
          "dependencies": [
            "aws_key_pair.brokers_key_pair",
            "aws_security_group.bastion_sg",
            "aws_security_group.kafka_zookeeper_sg",
            "aws_subnet.private_subnets",
            "aws_vpc.main",
            "data.tls_public_key.brokers-public-key",
            "tls_private_key.brokers-private-key"
          ]
        }
      ]
    },
    {
      "mode": "managed",
      "type": "aws_internet_gateway",
      "name": "gw",
      "provider": "provider[\"registry.terraform.io/hashicorp/aws\"]",
      "instances": [
        {
          "schema_version": 0,
          "attributes": {
            "arn": "arn:aws:ec2:us-east-1:538871673508:internet-gateway/igw-0beccad6839d42c1b",
            "id": "igw-0beccad6839d42c1b",
            "owner_id": "538871673508",
            "tags": {
              "Name": "KAFKA-Project VPC IG"
            },
            "tags_all": {
              "Name": "KAFKA-Project VPC IG"
            },
            "timeouts": null,
            "vpc_id": "vpc-0619c8fd85543db0d"
          },
          "sensitive_attributes": [],
          "private": "eyJlMmJmYjczMC1lY2FhLTExZTYtOGY4OC0zNDM2M2JjN2M0YzAiOnsiY3JlYXRlIjoxMjAwMDAwMDAwMDAwLCJkZWxldGUiOjEyMDAwMDAwMDAwMDAsInVwZGF0ZSI6MTIwMDAwMDAwMDAwMH19",
          "dependencies": [
            "aws_vpc.main"
          ]
        }
      ]
    },
    {
      "mode": "managed",
      "type": "aws_key_pair",
      "name": "brokers_key_pair",
      "provider": "provider[\"registry.terraform.io/hashicorp/aws\"]",
      "instances": [
        {
          "schema_version": 1,
          "attributes": {
            "arn": "arn:aws:ec2:us-east-1:538871673508:key-pair/brokers-key-pair",
            "fingerprint": "35:dd:98:8b:93:51:06:2d:62:07:f9:e2:e8:da:16:28",
            "id": "brokers-key-pair",
            "key_name": "brokers-key-pair",
            "key_name_prefix": "",
            "key_pair_id": "key-0b8dde5238058d5f3",
            "key_type": "rsa",
            "public_key": "ssh-rsa AAAAB3NzaC1yc2EAAAADAQABAAABAQDAfbowjvs0L3ng9/3qIAGeJCWLSIuLawTUsJOVwnQE0xChREoUUJwE6b5J3fC6hK1DSaYzFfnJhy0OO1gjLrBdhim/0sHh7TzKSMgcvz4q2mycREWLGdmazYR3Zxlymp729GZ7AQJcOM9xHSv/Y3rStFdCGTzeeJMKpY80/iRUUjSluMvGZsWZ/ElCDgT3bo1c2AZX8q7cFjBohLbClQ+GK70RufmKO65+D3TCQogQHhFl6VQi4PYLOU0RGlHaHyggey7MHzxbHMfR1SsmXEgNmv+HMJOVVJcRm6ipkDh4pA/I+MdXvkzk7WY6LoggoYqw2ZQCz9kGnGW1fkqDe5Hr",
            "tags": null,
            "tags_all": {}
          },
          "sensitive_attributes": [],
          "private": "eyJzY2hlbWFfdmVyc2lvbiI6IjEifQ==",
          "dependencies": [
            "data.tls_public_key.brokers-public-key",
            "tls_private_key.brokers-private-key"
          ]
        }
      ]
    },
    {
      "mode": "managed",
      "type": "aws_key_pair",
      "name": "key_pair",
      "provider": "provider[\"registry.terraform.io/hashicorp/aws\"]",
      "instances": [
        {
          "schema_version": 1,
          "attributes": {
            "arn": "arn:aws:ec2:us-east-1:538871673508:key-pair/bastion-key-pair",
            "fingerprint": "9a:d0:1a:f9:86:1d:54:4e:74:05:5e:78:81:75:6e:c2",
            "id": "bastion-key-pair",
            "key_name": "bastion-key-pair",
            "key_name_prefix": "",
            "key_pair_id": "key-012a97cbbdde98a0b",
            "key_type": "rsa",
            "public_key": "ssh-rsa AAAAB3NzaC1yc2EAAAADAQABAAABAQDC0WUblflGA+wb55Ck2UPKJ4UY31e+MAP1dM7LmxC7Jh6tGCQ/arLXOsIOSQxAK4RnlVQ8r523v5YBGmh4BoCpHoxvGrJq3/eO/4ziIOAGsdC1GQFiq26cUfsGp06awPgPAwB19OTnJD+a8NR4pLLLaZ6veC2P7lZXg+FC8791U3rv4gH/Z9C2uexVfvWQ+rEy3x+3KvHqZQocLqEgCA+6ujRFaZxoqvhWFe+1ePUW/lgKC6lUIWd+DziSEQjv6tTezDllvvg6u1VjsjbIK+ZLz5vtRg/+86c6xAwCvyzYafbj2p5Z+jqdgJI+VHKB5BDz3U8qEIiMDATLUX9e9ODV",
            "tags": null,
            "tags_all": {}
          },
          "sensitive_attributes": [],
          "private": "eyJzY2hlbWFfdmVyc2lvbiI6IjEifQ==",
          "dependencies": [
            "data.tls_public_key.bastion-public-key",
            "tls_private_key.bastion-private-key"
          ]
        }
      ]
    },
    {
      "mode": "managed",
      "type": "aws_route_table",
      "name": "second_rt_for_public_subnets",
      "provider": "provider[\"registry.terraform.io/hashicorp/aws\"]",
      "instances": [
        {
          "schema_version": 0,
          "attributes": {
            "arn": "arn:aws:ec2:us-east-1:538871673508:route-table/rtb-0330af8005758dfbb",
            "id": "rtb-0330af8005758dfbb",
            "owner_id": "538871673508",
            "propagating_vgws": [],
            "route": [
              {
                "carrier_gateway_id": "",
                "cidr_block": "0.0.0.0/0",
                "core_network_arn": "",
                "destination_prefix_list_id": "",
                "egress_only_gateway_id": "",
                "gateway_id": "igw-0beccad6839d42c1b",
                "ipv6_cidr_block": "",
                "local_gateway_id": "",
                "nat_gateway_id": "",
                "network_interface_id": "",
                "transit_gateway_id": "",
                "vpc_endpoint_id": "",
                "vpc_peering_connection_id": ""
              }
            ],
            "tags": {
              "Name": "2nd Route Table for Public Subnets"
            },
            "tags_all": {
              "Name": "2nd Route Table for Public Subnets"
            },
            "timeouts": null,
            "vpc_id": "vpc-0619c8fd85543db0d"
          },
          "sensitive_attributes": [],
          "private": "eyJlMmJmYjczMC1lY2FhLTExZTYtOGY4OC0zNDM2M2JjN2M0YzAiOnsiY3JlYXRlIjozMDAwMDAwMDAwMDAsImRlbGV0ZSI6MzAwMDAwMDAwMDAwLCJ1cGRhdGUiOjEyMDAwMDAwMDAwMH19",
          "dependencies": [
            "aws_internet_gateway.gw",
            "aws_vpc.main"
          ]
        }
      ]
    },
    {
      "mode": "managed",
      "type": "aws_route_table_association",
      "name": "public_subnet_association",
      "provider": "provider[\"registry.terraform.io/hashicorp/aws\"]",
      "instances": [
        {
          "index_key": 0,
          "schema_version": 0,
          "attributes": {
            "gateway_id": "",
            "id": "rtbassoc-0db325562a8e44be6",
            "route_table_id": "rtb-0330af8005758dfbb",
            "subnet_id": "subnet-04bad4491288fcd2d",
            "timeouts": null
          },
          "sensitive_attributes": [],
          "private": "eyJlMmJmYjczMC1lY2FhLTExZTYtOGY4OC0zNDM2M2JjN2M0YzAiOnsiY3JlYXRlIjozMDAwMDAwMDAwMDAsImRlbGV0ZSI6MzAwMDAwMDAwMDAwLCJ1cGRhdGUiOjEyMDAwMDAwMDAwMH19",
          "dependencies": [
            "aws_internet_gateway.gw",
            "aws_route_table.second_rt_for_public_subnets",
            "aws_subnet.public_subnets",
            "aws_vpc.main"
          ]
        },
        {
          "index_key": 1,
          "schema_version": 0,
          "attributes": {
            "gateway_id": "",
            "id": "rtbassoc-0dee3d04035068b28",
            "route_table_id": "rtb-0330af8005758dfbb",
            "subnet_id": "subnet-0ad92a879d22b5555",
            "timeouts": null
          },
          "sensitive_attributes": [],
          "private": "eyJlMmJmYjczMC1lY2FhLTExZTYtOGY4OC0zNDM2M2JjN2M0YzAiOnsiY3JlYXRlIjozMDAwMDAwMDAwMDAsImRlbGV0ZSI6MzAwMDAwMDAwMDAwLCJ1cGRhdGUiOjEyMDAwMDAwMDAwMH19",
          "dependencies": [
            "aws_internet_gateway.gw",
            "aws_route_table.second_rt_for_public_subnets",
            "aws_subnet.public_subnets",
            "aws_vpc.main"
          ]
        },
        {
          "index_key": 2,
          "schema_version": 0,
          "attributes": {
            "gateway_id": "",
            "id": "rtbassoc-08ae25c3c008dd87a",
            "route_table_id": "rtb-0330af8005758dfbb",
            "subnet_id": "subnet-02b377eae5f864943",
            "timeouts": null
          },
          "sensitive_attributes": [],
          "private": "eyJlMmJmYjczMC1lY2FhLTExZTYtOGY4OC0zNDM2M2JjN2M0YzAiOnsiY3JlYXRlIjozMDAwMDAwMDAwMDAsImRlbGV0ZSI6MzAwMDAwMDAwMDAwLCJ1cGRhdGUiOjEyMDAwMDAwMDAwMH19",
          "dependencies": [
            "aws_internet_gateway.gw",
            "aws_route_table.second_rt_for_public_subnets",
            "aws_subnet.public_subnets",
            "aws_vpc.main"
          ]
        }
      ]
    },
    {
      "mode": "managed",
      "type": "aws_security_group",
      "name": "bastion_sg",
      "provider": "provider[\"registry.terraform.io/hashicorp/aws\"]",
      "instances": [
        {
          "schema_version": 1,
          "attributes": {
            "arn": "arn:aws:ec2:us-east-1:538871673508:security-group/sg-0e8a685e6a72f41ca",
            "description": "Security group for the bastion host",
            "egress": [
              {
                "cidr_blocks": [
                  "10.0.4.0/24"
                ],
                "description": "",
                "from_port": 22,
                "ipv6_cidr_blocks": [],
                "prefix_list_ids": [],
                "protocol": "tcp",
                "security_groups": [],
                "self": false,
                "to_port": 22
              },
              {
                "cidr_blocks": [
                  "10.0.5.0/24"
                ],
                "description": "",
                "from_port": 22,
                "ipv6_cidr_blocks": [],
                "prefix_list_ids": [],
                "protocol": "tcp",
                "security_groups": [],
                "self": false,
                "to_port": 22
              },
              {
                "cidr_blocks": [
                  "10.0.6.0/24"
                ],
                "description": "",
                "from_port": 22,
                "ipv6_cidr_blocks": [],
                "prefix_list_ids": [],
                "protocol": "tcp",
                "security_groups": [],
                "self": false,
                "to_port": 22
              }
            ],
            "id": "sg-0e8a685e6a72f41ca",
            "ingress": [
              {
                "cidr_blocks": [
                  "139.190.184.234/32"
                ],
                "description": "",
                "from_port": 22,
                "ipv6_cidr_blocks": [],
                "prefix_list_ids": [],
                "protocol": "tcp",
                "security_groups": [],
                "self": false,
                "to_port": 22
              }
            ],
            "name": "bastion-sg",
            "name_prefix": "",
            "owner_id": "538871673508",
            "revoke_rules_on_delete": false,
            "tags": null,
            "tags_all": {},
            "timeouts": null,
            "vpc_id": "vpc-0619c8fd85543db0d"
          },
          "sensitive_attributes": [],
          "private": "eyJlMmJmYjczMC1lY2FhLTExZTYtOGY4OC0zNDM2M2JjN2M0YzAiOnsiY3JlYXRlIjo2MDAwMDAwMDAwMDAsImRlbGV0ZSI6OTAwMDAwMDAwMDAwfSwic2NoZW1hX3ZlcnNpb24iOiIxIn0=",
          "dependencies": [
            "aws_subnet.private_subnets",
            "aws_vpc.main"
          ]
        }
      ]
    },
    {
      "mode": "managed",
      "type": "aws_security_group",
      "name": "kafka_broker_sg",
      "provider": "provider[\"registry.terraform.io/hashicorp/aws\"]",
      "instances": [
        {
          "schema_version": 1,
          "attributes": {
            "arn": "arn:aws:ec2:us-east-1:538871673508:security-group/sg-04287572bf65ea5e2",
            "description": "Security group for Kafka brokers in private subnet",
            "egress": [],
            "id": "sg-04287572bf65ea5e2",
            "ingress": [
              {
                "cidr_blocks": [],
                "description": "",
                "from_port": 22,
                "ipv6_cidr_blocks": [],
                "prefix_list_ids": [],
                "protocol": "tcp",
                "security_groups": [
                  "sg-0e8a685e6a72f41ca"
                ],
                "self": false,
                "to_port": 22
              },
              {
                "cidr_blocks": [],
                "description": "",
                "from_port": 9092,
                "ipv6_cidr_blocks": [],
                "prefix_list_ids": [],
                "protocol": "tcp",
                "security_groups": [],
                "self": true,
                "to_port": 9092
              }
            ],
            "name": "kafka-broker-sg",
            "name_prefix": "",
            "owner_id": "538871673508",
            "revoke_rules_on_delete": false,
            "tags": null,
            "tags_all": {},
            "timeouts": null,
            "vpc_id": "vpc-0619c8fd85543db0d"
          },
          "sensitive_attributes": [],
          "private": "eyJlMmJmYjczMC1lY2FhLTExZTYtOGY4OC0zNDM2M2JjN2M0YzAiOnsiY3JlYXRlIjo2MDAwMDAwMDAwMDAsImRlbGV0ZSI6OTAwMDAwMDAwMDAwfSwic2NoZW1hX3ZlcnNpb24iOiIxIn0=",
          "dependencies": [
            "aws_security_group.bastion_sg",
            "aws_subnet.private_subnets",
            "aws_vpc.main"
          ]
        }
      ]
    },
    {
      "mode": "managed",
      "type": "aws_security_group",
      "name": "kafka_zookeeper_sg",
      "provider": "provider[\"registry.terraform.io/hashicorp/aws\"]",
      "instances": [
        {
          "schema_version": 1,
          "attributes": {
            "arn": "arn:aws:ec2:us-east-1:538871673508:security-group/sg-06c6224f72e8067ce",
            "description": "Security group for Kafka zookeeper in private subnet",
            "egress": [],
            "id": "sg-06c6224f72e8067ce",
            "ingress": [
              {
                "cidr_blocks": [],
                "description": "",
                "from_port": 2181,
                "ipv6_cidr_blocks": [],
                "prefix_list_ids": [],
                "protocol": "tcp",
                "security_groups": [],
                "self": true,
                "to_port": 2181
              },
              {
                "cidr_blocks": [],
                "description": "",
                "from_port": 22,
                "ipv6_cidr_blocks": [],
                "prefix_list_ids": [],
                "protocol": "tcp",
                "security_groups": [
                  "sg-0e8a685e6a72f41ca"
                ],
                "self": false,
                "to_port": 22
              }
            ],
            "name": "kafka-zookeeper-sg",
            "name_prefix": "",
            "owner_id": "538871673508",
            "revoke_rules_on_delete": false,
            "tags": null,
            "tags_all": {},
            "timeouts": null,
            "vpc_id": "vpc-0619c8fd85543db0d"
          },
          "sensitive_attributes": [],
          "private": "eyJlMmJmYjczMC1lY2FhLTExZTYtOGY4OC0zNDM2M2JjN2M0YzAiOnsiY3JlYXRlIjo2MDAwMDAwMDAwMDAsImRlbGV0ZSI6OTAwMDAwMDAwMDAwfSwic2NoZW1hX3ZlcnNpb24iOiIxIn0=",
          "dependencies": [
            "aws_security_group.bastion_sg",
            "aws_subnet.private_subnets",
            "aws_vpc.main"
          ]
        }
      ]
    },
    {
      "mode": "managed",
      "type": "aws_security_group_rule",
      "name": "allow_incoming_traffic_to_brokers",
      "provider": "provider[\"registry.terraform.io/hashicorp/aws\"]",
      "instances": [
        {
          "schema_version": 2,
          "attributes": {
            "cidr_blocks": null,
            "description": null,
            "from_port": 2181,
            "id": "sgrule-747879992",
            "ipv6_cidr_blocks": null,
            "prefix_list_ids": null,
            "protocol": "tcp",
            "security_group_id": "sg-04287572bf65ea5e2",
            "security_group_rule_id": "sgr-0141a76f365984002",
            "self": false,
            "source_security_group_id": "sg-06c6224f72e8067ce",
            "timeouts": null,
            "to_port": 2181,
            "type": "ingress"
          },
          "sensitive_attributes": [],
          "private": "eyJlMmJmYjczMC1lY2FhLTExZTYtOGY4OC0zNDM2M2JjN2M0YzAiOnsiY3JlYXRlIjozMDAwMDAwMDAwMDB9LCJzY2hlbWFfdmVyc2lvbiI6IjIifQ==",
          "dependencies": [
            "aws_security_group.bastion_sg",
            "aws_security_group.kafka_broker_sg",
            "aws_security_group.kafka_zookeeper_sg",
            "aws_subnet.private_subnets",
            "aws_vpc.main"
          ]
        }
      ]
    },
    {
      "mode": "managed",
      "type": "aws_security_group_rule",
      "name": "allow_incoming_traffic_to_zookeepers",
      "provider": "provider[\"registry.terraform.io/hashicorp/aws\"]",
      "instances": [
        {
          "schema_version": 2,
          "attributes": {
            "cidr_blocks": null,
            "description": null,
            "from_port": 9092,
            "id": "sgrule-2392972525",
            "ipv6_cidr_blocks": null,
            "prefix_list_ids": null,
            "protocol": "tcp",
            "security_group_id": "sg-06c6224f72e8067ce",
            "security_group_rule_id": "sgr-08951fe18654d5877",
            "self": false,
            "source_security_group_id": "sg-04287572bf65ea5e2",
            "timeouts": null,
            "to_port": 9092,
            "type": "ingress"
          },
          "sensitive_attributes": [],
          "private": "eyJlMmJmYjczMC1lY2FhLTExZTYtOGY4OC0zNDM2M2JjN2M0YzAiOnsiY3JlYXRlIjozMDAwMDAwMDAwMDB9LCJzY2hlbWFfdmVyc2lvbiI6IjIifQ==",
          "dependencies": [
            "aws_security_group.bastion_sg",
            "aws_security_group.kafka_broker_sg",
            "aws_security_group.kafka_zookeeper_sg",
            "aws_subnet.private_subnets",
            "aws_vpc.main"
          ]
        }
      ]
    },
    {
      "mode": "managed",
      "type": "aws_subnet",
      "name": "private_subnets",
      "provider": "provider[\"registry.terraform.io/hashicorp/aws\"]",
      "instances": [
        {
          "index_key": 0,
          "schema_version": 1,
          "attributes": {
            "arn": "arn:aws:ec2:us-east-1:538871673508:subnet/subnet-0f34c1e9cc78da970",
            "assign_ipv6_address_on_creation": false,
            "availability_zone": "us-east-1a",
            "availability_zone_id": "use1-az4",
            "cidr_block": "10.0.4.0/24",
            "customer_owned_ipv4_pool": "",
            "enable_dns64": false,
            "enable_lni_at_device_index": 0,
            "enable_resource_name_dns_a_record_on_launch": false,
            "enable_resource_name_dns_aaaa_record_on_launch": false,
            "id": "subnet-0f34c1e9cc78da970",
            "ipv6_cidr_block": "",
            "ipv6_cidr_block_association_id": "",
            "ipv6_native": false,
            "map_customer_owned_ip_on_launch": false,
            "map_public_ip_on_launch": false,
            "outpost_arn": "",
            "owner_id": "538871673508",
            "private_dns_hostname_type_on_launch": "ip-name",
            "tags": {
              "Name": "Private Subnet 1"
            },
            "tags_all": {
              "Name": "Private Subnet 1"
            },
            "timeouts": null,
            "vpc_id": "vpc-0619c8fd85543db0d"
          },
          "sensitive_attributes": [],
          "private": "eyJlMmJmYjczMC1lY2FhLTExZTYtOGY4OC0zNDM2M2JjN2M0YzAiOnsiY3JlYXRlIjo2MDAwMDAwMDAwMDAsImRlbGV0ZSI6MTIwMDAwMDAwMDAwMH0sInNjaGVtYV92ZXJzaW9uIjoiMSJ9",
          "dependencies": [
            "aws_vpc.main"
          ]
        },
        {
          "index_key": 1,
          "schema_version": 1,
          "attributes": {
            "arn": "arn:aws:ec2:us-east-1:538871673508:subnet/subnet-0014cd35e666754b8",
            "assign_ipv6_address_on_creation": false,
            "availability_zone": "us-east-1b",
            "availability_zone_id": "use1-az6",
            "cidr_block": "10.0.5.0/24",
            "customer_owned_ipv4_pool": "",
            "enable_dns64": false,
            "enable_lni_at_device_index": 0,
            "enable_resource_name_dns_a_record_on_launch": false,
            "enable_resource_name_dns_aaaa_record_on_launch": false,
            "id": "subnet-0014cd35e666754b8",
            "ipv6_cidr_block": "",
            "ipv6_cidr_block_association_id": "",
            "ipv6_native": false,
            "map_customer_owned_ip_on_launch": false,
            "map_public_ip_on_launch": false,
            "outpost_arn": "",
            "owner_id": "538871673508",
            "private_dns_hostname_type_on_launch": "ip-name",
            "tags": {
              "Name": "Private Subnet 2"
            },
            "tags_all": {
              "Name": "Private Subnet 2"
            },
            "timeouts": null,
            "vpc_id": "vpc-0619c8fd85543db0d"
          },
          "sensitive_attributes": [],
          "private": "eyJlMmJmYjczMC1lY2FhLTExZTYtOGY4OC0zNDM2M2JjN2M0YzAiOnsiY3JlYXRlIjo2MDAwMDAwMDAwMDAsImRlbGV0ZSI6MTIwMDAwMDAwMDAwMH0sInNjaGVtYV92ZXJzaW9uIjoiMSJ9",
          "dependencies": [
            "aws_vpc.main"
          ]
        },
        {
          "index_key": 2,
          "schema_version": 1,
          "attributes": {
            "arn": "arn:aws:ec2:us-east-1:538871673508:subnet/subnet-07da8b0b9ef41bc62",
            "assign_ipv6_address_on_creation": false,
            "availability_zone": "us-east-1c",
            "availability_zone_id": "use1-az1",
            "cidr_block": "10.0.6.0/24",
            "customer_owned_ipv4_pool": "",
            "enable_dns64": false,
            "enable_lni_at_device_index": 0,
            "enable_resource_name_dns_a_record_on_launch": false,
            "enable_resource_name_dns_aaaa_record_on_launch": false,
            "id": "subnet-07da8b0b9ef41bc62",
            "ipv6_cidr_block": "",
            "ipv6_cidr_block_association_id": "",
            "ipv6_native": false,
            "map_customer_owned_ip_on_launch": false,
            "map_public_ip_on_launch": false,
            "outpost_arn": "",
            "owner_id": "538871673508",
            "private_dns_hostname_type_on_launch": "ip-name",
            "tags": {
              "Name": "Private Subnet 3"
            },
            "tags_all": {
              "Name": "Private Subnet 3"
            },
            "timeouts": null,
            "vpc_id": "vpc-0619c8fd85543db0d"
          },
          "sensitive_attributes": [],
          "private": "eyJlMmJmYjczMC1lY2FhLTExZTYtOGY4OC0zNDM2M2JjN2M0YzAiOnsiY3JlYXRlIjo2MDAwMDAwMDAwMDAsImRlbGV0ZSI6MTIwMDAwMDAwMDAwMH0sInNjaGVtYV92ZXJzaW9uIjoiMSJ9",
          "dependencies": [
            "aws_vpc.main"
          ]
        }
      ]
    },
    {
      "mode": "managed",
      "type": "aws_subnet",
      "name": "public_subnets",
      "provider": "provider[\"registry.terraform.io/hashicorp/aws\"]",
      "instances": [
        {
          "index_key": 0,
          "schema_version": 1,
          "attributes": {
            "arn": "arn:aws:ec2:us-east-1:538871673508:subnet/subnet-04bad4491288fcd2d",
            "assign_ipv6_address_on_creation": false,
            "availability_zone": "us-east-1a",
            "availability_zone_id": "use1-az4",
            "cidr_block": "10.0.1.0/24",
            "customer_owned_ipv4_pool": "",
            "enable_dns64": false,
            "enable_lni_at_device_index": 0,
            "enable_resource_name_dns_a_record_on_launch": false,
            "enable_resource_name_dns_aaaa_record_on_launch": false,
            "id": "subnet-04bad4491288fcd2d",
            "ipv6_cidr_block": "",
            "ipv6_cidr_block_association_id": "",
            "ipv6_native": false,
            "map_customer_owned_ip_on_launch": false,
            "map_public_ip_on_launch": false,
            "outpost_arn": "",
            "owner_id": "538871673508",
            "private_dns_hostname_type_on_launch": "ip-name",
            "tags": {
              "Name": "Public Subnet 1"
            },
            "tags_all": {
              "Name": "Public Subnet 1"
            },
            "timeouts": null,
            "vpc_id": "vpc-0619c8fd85543db0d"
          },
          "sensitive_attributes": [],
          "private": "eyJlMmJmYjczMC1lY2FhLTExZTYtOGY4OC0zNDM2M2JjN2M0YzAiOnsiY3JlYXRlIjo2MDAwMDAwMDAwMDAsImRlbGV0ZSI6MTIwMDAwMDAwMDAwMH0sInNjaGVtYV92ZXJzaW9uIjoiMSJ9",
          "dependencies": [
            "aws_vpc.main"
          ]
        },
        {
          "index_key": 1,
          "schema_version": 1,
          "attributes": {
            "arn": "arn:aws:ec2:us-east-1:538871673508:subnet/subnet-0ad92a879d22b5555",
            "assign_ipv6_address_on_creation": false,
            "availability_zone": "us-east-1b",
            "availability_zone_id": "use1-az6",
            "cidr_block": "10.0.2.0/24",
            "customer_owned_ipv4_pool": "",
            "enable_dns64": false,
            "enable_lni_at_device_index": 0,
            "enable_resource_name_dns_a_record_on_launch": false,
            "enable_resource_name_dns_aaaa_record_on_launch": false,
            "id": "subnet-0ad92a879d22b5555",
            "ipv6_cidr_block": "",
            "ipv6_cidr_block_association_id": "",
            "ipv6_native": false,
            "map_customer_owned_ip_on_launch": false,
            "map_public_ip_on_launch": false,
            "outpost_arn": "",
            "owner_id": "538871673508",
            "private_dns_hostname_type_on_launch": "ip-name",
            "tags": {
              "Name": "Public Subnet 2"
            },
            "tags_all": {
              "Name": "Public Subnet 2"
            },
            "timeouts": null,
            "vpc_id": "vpc-0619c8fd85543db0d"
          },
          "sensitive_attributes": [],
          "private": "eyJlMmJmYjczMC1lY2FhLTExZTYtOGY4OC0zNDM2M2JjN2M0YzAiOnsiY3JlYXRlIjo2MDAwMDAwMDAwMDAsImRlbGV0ZSI6MTIwMDAwMDAwMDAwMH0sInNjaGVtYV92ZXJzaW9uIjoiMSJ9",
          "dependencies": [
            "aws_vpc.main"
          ]
        },
        {
          "index_key": 2,
          "schema_version": 1,
          "attributes": {
            "arn": "arn:aws:ec2:us-east-1:538871673508:subnet/subnet-02b377eae5f864943",
            "assign_ipv6_address_on_creation": false,
            "availability_zone": "us-east-1c",
            "availability_zone_id": "use1-az1",
            "cidr_block": "10.0.3.0/24",
            "customer_owned_ipv4_pool": "",
            "enable_dns64": false,
            "enable_lni_at_device_index": 0,
            "enable_resource_name_dns_a_record_on_launch": false,
            "enable_resource_name_dns_aaaa_record_on_launch": false,
            "id": "subnet-02b377eae5f864943",
            "ipv6_cidr_block": "",
            "ipv6_cidr_block_association_id": "",
            "ipv6_native": false,
            "map_customer_owned_ip_on_launch": false,
            "map_public_ip_on_launch": false,
            "outpost_arn": "",
            "owner_id": "538871673508",
            "private_dns_hostname_type_on_launch": "ip-name",
            "tags": {
              "Name": "Public Subnet 3"
            },
            "tags_all": {
              "Name": "Public Subnet 3"
            },
            "timeouts": null,
            "vpc_id": "vpc-0619c8fd85543db0d"
          },
          "sensitive_attributes": [],
          "private": "eyJlMmJmYjczMC1lY2FhLTExZTYtOGY4OC0zNDM2M2JjN2M0YzAiOnsiY3JlYXRlIjo2MDAwMDAwMDAwMDAsImRlbGV0ZSI6MTIwMDAwMDAwMDAwMH0sInNjaGVtYV92ZXJzaW9uIjoiMSJ9",
          "dependencies": [
            "aws_vpc.main"
          ]
        }
      ]
    },
    {
      "mode": "managed",
      "type": "aws_volume_attachment",
      "name": "zookeeper_ebs_attachment",
      "provider": "provider[\"registry.terraform.io/hashicorp/aws\"]",
      "instances": [
        {
          "index_key": 0,
          "schema_version": 0,
          "attributes": {
            "device_name": "/dev/sdf",
            "force_detach": null,
            "id": "vai-1077650668",
            "instance_id": "i-0bb632c68a4d07373",
            "skip_destroy": null,
            "stop_instance_before_detaching": null,
            "timeouts": null,
            "volume_id": "vol-0352a5294cb8d8e4c"
          },
          "sensitive_attributes": [],
          "private": "eyJlMmJmYjczMC1lY2FhLTExZTYtOGY4OC0zNDM2M2JjN2M0YzAiOnsiY3JlYXRlIjozMDAwMDAwMDAwMDAsImRlbGV0ZSI6MzAwMDAwMDAwMDAwfX0=",
          "dependencies": [
            "aws_ebs_volume.zookeeper_ebs",
            "aws_instance.kafka_zookeeper",
            "aws_key_pair.brokers_key_pair",
            "aws_security_group.bastion_sg",
            "aws_security_group.kafka_zookeeper_sg",
            "aws_subnet.private_subnets",
            "aws_vpc.main",
            "data.tls_public_key.brokers-public-key",
            "tls_private_key.brokers-private-key"
          ]
        },
        {
          "index_key": 1,
          "schema_version": 0,
          "attributes": {
            "device_name": "/dev/sdf",
            "force_detach": null,
            "id": "vai-1545139168",
            "instance_id": "i-056f936ef5e20ef94",
            "skip_destroy": null,
            "stop_instance_before_detaching": null,
            "timeouts": null,
            "volume_id": "vol-091d127ad41da91c5"
          },
          "sensitive_attributes": [],
          "private": "eyJlMmJmYjczMC1lY2FhLTExZTYtOGY4OC0zNDM2M2JjN2M0YzAiOnsiY3JlYXRlIjozMDAwMDAwMDAwMDAsImRlbGV0ZSI6MzAwMDAwMDAwMDAwfX0=",
          "dependencies": [
            "aws_ebs_volume.zookeeper_ebs",
            "aws_instance.kafka_zookeeper",
            "aws_key_pair.brokers_key_pair",
            "aws_security_group.bastion_sg",
            "aws_security_group.kafka_zookeeper_sg",
            "aws_subnet.private_subnets",
            "aws_vpc.main",
            "data.tls_public_key.brokers-public-key",
            "tls_private_key.brokers-private-key"
          ]
        },
        {
          "index_key": 2,
          "schema_version": 0,
          "attributes": {
            "device_name": "/dev/sdf",
            "force_detach": null,
            "id": "vai-402120155",
            "instance_id": "i-03d3a977e2c478e3f",
            "skip_destroy": null,
            "stop_instance_before_detaching": null,
            "timeouts": null,
            "volume_id": "vol-0df64aa24e42857f4"
          },
          "sensitive_attributes": [],
          "private": "eyJlMmJmYjczMC1lY2FhLTExZTYtOGY4OC0zNDM2M2JjN2M0YzAiOnsiY3JlYXRlIjozMDAwMDAwMDAwMDAsImRlbGV0ZSI6MzAwMDAwMDAwMDAwfX0=",
          "dependencies": [
            "aws_ebs_volume.zookeeper_ebs",
            "aws_instance.kafka_zookeeper",
            "aws_key_pair.brokers_key_pair",
            "aws_security_group.bastion_sg",
            "aws_security_group.kafka_zookeeper_sg",
            "aws_subnet.private_subnets",
            "aws_vpc.main",
            "data.tls_public_key.brokers-public-key",
            "tls_private_key.brokers-private-key"
          ]
        }
      ]
    },
    {
      "mode": "managed",
      "type": "aws_vpc",
      "name": "main",
      "provider": "provider[\"registry.terraform.io/hashicorp/aws\"]",
      "instances": [
        {
          "schema_version": 1,
          "attributes": {
            "arn": "arn:aws:ec2:us-east-1:538871673508:vpc/vpc-0619c8fd85543db0d",
            "assign_generated_ipv6_cidr_block": false,
            "cidr_block": "10.0.0.0/16",
            "default_network_acl_id": "acl-0f60b3c3fecdb6f51",
            "default_route_table_id": "rtb-0494602b173d9ff8c",
            "default_security_group_id": "sg-0dcad28140871409e",
            "dhcp_options_id": "dopt-0f8e72d3bb4de3bdf",
            "enable_dns_hostnames": false,
            "enable_dns_support": true,
            "enable_network_address_usage_metrics": false,
            "id": "vpc-0619c8fd85543db0d",
            "instance_tenancy": "default",
            "ipv4_ipam_pool_id": null,
            "ipv4_netmask_length": null,
            "ipv6_association_id": "",
            "ipv6_cidr_block": "",
            "ipv6_cidr_block_network_border_group": "",
            "ipv6_ipam_pool_id": "",
            "ipv6_netmask_length": 0,
            "main_route_table_id": "rtb-0494602b173d9ff8c",
            "owner_id": "538871673508",
            "tags": {
              "Name": "kafka-self-managed-vpc"
            },
            "tags_all": {
              "Name": "kafka-self-managed-vpc"
            }
          },
          "sensitive_attributes": [],
          "private": "eyJzY2hlbWFfdmVyc2lvbiI6IjEifQ=="
        }
      ]
    },
    {
      "mode": "managed",
      "type": "null_resource",
      "name": "write_private_key_bastion5",
      "provider": "provider[\"registry.terraform.io/hashicorp/null\"]",
      "instances": [
        {
          "schema_version": 0,
          "attributes": {
            "id": "1550228568141278810",
            "triggers": null
          },
          "sensitive_attributes": [],
          "dependencies": [
            "aws_key_pair.key_pair",
            "data.tls_public_key.bastion-public-key",
            "tls_private_key.bastion-private-key"
          ]
        }
      ]
    },
    {
      "mode": "managed",
      "type": "null_resource",
      "name": "write_private_key_brokers5",
      "provider": "provider[\"registry.terraform.io/hashicorp/null\"]",
      "instances": [
        {
          "schema_version": 0,
          "attributes": {
            "id": "1844718678193959450",
            "triggers": null
          },
          "sensitive_attributes": [],
          "dependencies": [
            "aws_key_pair.brokers_key_pair",
            "data.tls_public_key.brokers-public-key",
            "tls_private_key.brokers-private-key"
          ]
        }
      ]
    },
    {
      "mode": "managed",
      "type": "tls_private_key",
      "name": "bastion-private-key",
      "provider": "provider[\"registry.terraform.io/hashicorp/tls\"]",
      "instances": [
        {
          "schema_version": 1,
          "attributes": {
            "algorithm": "RSA",
            "ecdsa_curve": "P224",
            "id": "bba78976b7700c5dc351b2073ddffb7aa74239a7",
            "private_key_openssh": "-----BEGIN OPENSSH PRIVATE KEY-----\nb3BlbnNzaC1rZXktdjEAAAAABG5vbmUAAAAEbm9uZQAAAAAAAAABAAABFwAAAAdz\nc2gtcnNhAAAAAwEAAQAAAQEAwtFlG5X5RgPsG+eQpNlDyieFGN9XvjAD9XTOy5sQ\nuyYerRgkP2qy1zrCDkkMQCuEZ5VUPK+dt7+WARpoeAaAqR6Mbxqyat/3jv+M4iDg\nBrHQtRkBYqtunFH7BqdOmsD4DwMAdfTk5yQ/mvDUeKSyy2mer3gtj+5WV4PhQvO/\ndVN67+IB/2fQtrnsVX71kPqxMt8ftyrx6mUKHC6hIAgPuro0RWmcaKr4VhXvtXj1\nFv5YCgupVCFnfg84khEI7+rU3sw5Zb74OrtVY7I2yCvmS8+b7UYP/vOnOsQMAr8s\n2Gn249qeWfo6nYCSPlRygeQQ891PKhCIjAwEy1F/XvTg1QAAA7ggSSwmIEksJgAA\nAAdzc2gtcnNhAAABAQDC0WUblflGA+wb55Ck2UPKJ4UY31e+MAP1dM7LmxC7Jh6t\nGCQ/arLXOsIOSQxAK4RnlVQ8r523v5YBGmh4BoCpHoxvGrJq3/eO/4ziIOAGsdC1\nGQFiq26cUfsGp06awPgPAwB19OTnJD+a8NR4pLLLaZ6veC2P7lZXg+FC8791U3rv\n4gH/Z9C2uexVfvWQ+rEy3x+3KvHqZQocLqEgCA+6ujRFaZxoqvhWFe+1ePUW/lgK\nC6lUIWd+DziSEQjv6tTezDllvvg6u1VjsjbIK+ZLz5vtRg/+86c6xAwCvyzYafbj\n2p5Z+jqdgJI+VHKB5BDz3U8qEIiMDATLUX9e9ODVAAAAAwEAAQAAAQAdUbQctbJh\nJh/3hx8OoCACoXX3a01iMwm1fBHPNJQNBkyhkjuKS72EhLRFwBqW4bW4fRHDXE6p\nI60ol1fXkGr2iMFryyHE0dYI8E68jWQJveMCDjRWLCSmY/QaaT18LsRmRfZgyi1U\n1/C2mb3wNiEuWcPm9ngs7BqUayWQlOxgdJ9u1ooIq/+lZtr7tPZaMRFPKQuRmTnh\nou3h5YUEViAXU2tVLOOntuoJNTWN8n4PP9Yqs+hfsMEKcxOE+Ya7W9iYEUwZSlP8\nb7fj1cdXS2neeqRD6k5gjtFQ9awI9E+7ZgBDK3+jIXsB1DiZ6xzxV4uD7RUQjNGD\nFnRbozidYSMhAAAAgER1cgF37K5kfT2EWBs9i0lriKPsRHHRhOHFdz1mQw1plkTq\n21jP/4ziwk/UL4ZUsOnnsq/qkQfvEwl6N0X1qI/YeMSuLCD/t9Cjo3f4eYiggPnM\njw5Wn32D96BgEyn8+kxJ+U/6GV4j3Xen8CtwKVZEUGsYtybHLHKZOQcmgjDZAAAA\ngQDQSBe7QM7lyjdJEGUsjQNsXaQGuoDnzpPpWu8q19I64QLzKgJouJDbMLKoBEE7\nIvQem5HFcJgJCU+Gat52laGaee+CfmRdo3aJaJ4MwvL23BdhK6X/bLAo8BzKWphv\nSjNwsIxk/bPOunEFeC+F/RrdSxCEhfxFehjBVYu08AohzQAAAIEA73OlZZMEXZXU\n4Yx64jA8OEpb9uP8W7DOkiIn2D4Bi7jKeGcpZ/JguDOa6Ld4xVq/uJLxGiwhjbdF\nG8PdQ2YUsflAy39JcKcb/HOSvrfURnfh5RakFIvLr4Jatqyh9bR6fBloeF1CIps1\nsYYD8B1dv9VTAhd0bQRMaM7JB1XgUykAAAAAAQID\n-----END OPENSSH PRIVATE KEY-----\n",
            "private_key_pem": "-----BEGIN RSA PRIVATE KEY-----\nMIIEogIBAAKCAQEAwtFlG5X5RgPsG+eQpNlDyieFGN9XvjAD9XTOy5sQuyYerRgk\nP2qy1zrCDkkMQCuEZ5VUPK+dt7+WARpoeAaAqR6Mbxqyat/3jv+M4iDgBrHQtRkB\nYqtunFH7BqdOmsD4DwMAdfTk5yQ/mvDUeKSyy2mer3gtj+5WV4PhQvO/dVN67+IB\n/2fQtrnsVX71kPqxMt8ftyrx6mUKHC6hIAgPuro0RWmcaKr4VhXvtXj1Fv5YCgup\nVCFnfg84khEI7+rU3sw5Zb74OrtVY7I2yCvmS8+b7UYP/vOnOsQMAr8s2Gn249qe\nWfo6nYCSPlRygeQQ891PKhCIjAwEy1F/XvTg1QIDAQABAoIBAB1RtBy1smEmH/eH\nHw6gIAKhdfdrTWIzCbV8Ec80lA0GTKGSO4pLvYSEtEXAGpbhtbh9EcNcTqkjrSiX\nV9eQavaIwWvLIcTR1gjwTryNZAm94wIONFYsJKZj9BppPXwuxGZF9mDKLVTX8LaZ\nvfA2IS5Zw+b2eCzsGpRrJZCU7GB0n27Wigir/6Vm2vu09loxEU8pC5GZOeGi7eHl\nhQRWIBdTa1Us46e26gk1NY3yfg8/1iqz6F+wwQpzE4T5hrtb2JgRTBlKU/xvt+PV\nx1dLad56pEPqTmCO0VD1rAj0T7tmAEMrf6MhewHUOJnrHPFXi4PtFRCM0YMWdFuj\nOJ1hIyECgYEA0EgXu0DO5co3SRBlLI0DbF2kBrqA586T6VrvKtfSOuEC8yoCaLiQ\n2zCyqARBOyL0HpuRxXCYCQlPhmredpWhmnnvgn5kXaN2iWieDMLy9twXYSul/2yw\nKPAcylqYb0ozcLCMZP2zzrpxBXgvhf0a3UsQhIX8RXoYwVWLtPAKIc0CgYEA73Ol\nZZMEXZXU4Yx64jA8OEpb9uP8W7DOkiIn2D4Bi7jKeGcpZ/JguDOa6Ld4xVq/uJLx\nGiwhjbdFG8PdQ2YUsflAy39JcKcb/HOSvrfURnfh5RakFIvLr4Jatqyh9bR6fBlo\neF1CIps1sYYD8B1dv9VTAhd0bQRMaM7JB1XgUykCgYBPLokvHBVMENNxyHTeOgHK\nKdNY54BoIAXlWjfAjuoSjkaD0T23OCuB2QKik3OFGuW52STS7dou3UZJcMmARaR5\nSNAASTK40pMW7Bnh+h9KMCQHQgPKljRma9pWJ5j5/jiOJ+BH6Jd6CTE8hhNzGeUj\nqgzuhM2CUEenAHGraPJBJQKBgEXPnqINidFLFKSpk04MqBH1Q/ioIXQOCTu7r4gx\nE7xLpOQTl5PRq3covHoqu5A2U/0ZAigSQ7oQe5qLsR+sTE5TEBwEQUIRxmwEufzW\nlZHx868Zub6vvzOtOotVq2Z6NtelhLrK3bQ/MhlOrCk+No3uQOQ0OGJsRWatGxkD\nZYJ5AoGARHVyAXfsrmR9PYRYGz2LSWuIo+xEcdGE4cV3PWZDDWmWROrbWM//jOLC\nT9QvhlSw6eeyr+qRB+8TCXo3RfWoj9h4xK4sIP+30KOjd/h5iKCA+cyPDlaffYP3\noGATKfz6TEn5T/oZXiPdd6fwK3ApVkRQaxi3Jscscpk5ByaCMNk=\n-----END RSA PRIVATE KEY-----\n",
            "private_key_pem_pkcs8": "-----BEGIN PRIVATE KEY-----\nMIIEvAIBADANBgkqhkiG9w0BAQEFAASCBKYwggSiAgEAAoIBAQDC0WUblflGA+wb\n55Ck2UPKJ4UY31e+MAP1dM7LmxC7Jh6tGCQ/arLXOsIOSQxAK4RnlVQ8r523v5YB\nGmh4BoCpHoxvGrJq3/eO/4ziIOAGsdC1GQFiq26cUfsGp06awPgPAwB19OTnJD+a\n8NR4pLLLaZ6veC2P7lZXg+FC8791U3rv4gH/Z9C2uexVfvWQ+rEy3x+3KvHqZQoc\nLqEgCA+6ujRFaZxoqvhWFe+1ePUW/lgKC6lUIWd+DziSEQjv6tTezDllvvg6u1Vj\nsjbIK+ZLz5vtRg/+86c6xAwCvyzYafbj2p5Z+jqdgJI+VHKB5BDz3U8qEIiMDATL\nUX9e9ODVAgMBAAECggEAHVG0HLWyYSYf94cfDqAgAqF192tNYjMJtXwRzzSUDQZM\noZI7iku9hIS0RcAaluG1uH0Rw1xOqSOtKJdX15Bq9ojBa8shxNHWCPBOvI1kCb3j\nAg40ViwkpmP0Gmk9fC7EZkX2YMotVNfwtpm98DYhLlnD5vZ4LOwalGslkJTsYHSf\nbtaKCKv/pWba+7T2WjERTykLkZk54aLt4eWFBFYgF1NrVSzjp7bqCTU1jfJ+Dz/W\nKrPoX7DBCnMThPmGu1vYmBFMGUpT/G+349XHV0tp3nqkQ+pOYI7RUPWsCPRPu2YA\nQyt/oyF7AdQ4mesc8VeLg+0VEIzRgxZ0W6M4nWEjIQKBgQDQSBe7QM7lyjdJEGUs\njQNsXaQGuoDnzpPpWu8q19I64QLzKgJouJDbMLKoBEE7IvQem5HFcJgJCU+Gat52\nlaGaee+CfmRdo3aJaJ4MwvL23BdhK6X/bLAo8BzKWphvSjNwsIxk/bPOunEFeC+F\n/RrdSxCEhfxFehjBVYu08AohzQKBgQDvc6VlkwRdldThjHriMDw4Slv24/xbsM6S\nIifYPgGLuMp4Zyln8mC4M5rot3jFWr+4kvEaLCGNt0Ubw91DZhSx+UDLf0lwpxv8\nc5K+t9RGd+HlFqQUi8uvglq2rKH1tHp8GWh4XUIimzWxhgPwHV2/1VMCF3RtBExo\nzskHVeBTKQKBgE8uiS8cFUwQ03HIdN46Acop01jngGggBeVaN8CO6hKORoPRPbc4\nK4HZAqKTc4Ua5bnZJNLt2i7dRklwyYBFpHlI0ABJMrjSkxbsGeH6H0owJAdCA8qW\nNGZr2lYnmPn+OI4n4Efol3oJMTyGE3MZ5SOqDO6EzYJQR6cAcato8kElAoGARc+e\nog2J0UsUpKmTTgyoEfVD+KghdA4JO7uviDETvEuk5BOXk9Grdyi8eiq7kDZT/RkC\nKBJDuhB7mouxH6xMTlMQHARBQhHGbAS5/NaVkfHzrxm5vq+/M606i1WrZno216WE\nusrdtD8yGU6sKT42je5A5DQ4YmxFZq0bGQNlgnkCgYBEdXIBd+yuZH09hFgbPYtJ\na4ij7ERx0YThxXc9ZkMNaZZE6ttYz/+M4sJP1C+GVLDp57Kv6pEH7xMJejdF9aiP\n2HjEriwg/7fQo6N3+HmIoID5zI8OVp99g/egYBMp/PpMSflP+hleI913p/ArcClW\nRFBrGLcmxyxymTkHJoIw2Q==\n-----END PRIVATE KEY-----\n",
            "public_key_fingerprint_md5": "3f:8d:1f:10:d2:86:58:e6:2d:20:98:26:c0:66:55:7c",
            "public_key_fingerprint_sha256": "SHA256:mVUSWgZ8+c3M/w2GEM/lAmlTJBdNB4u4E9tQ7DiK3zo",
            "public_key_openssh": "ssh-rsa AAAAB3NzaC1yc2EAAAADAQABAAABAQDC0WUblflGA+wb55Ck2UPKJ4UY31e+MAP1dM7LmxC7Jh6tGCQ/arLXOsIOSQxAK4RnlVQ8r523v5YBGmh4BoCpHoxvGrJq3/eO/4ziIOAGsdC1GQFiq26cUfsGp06awPgPAwB19OTnJD+a8NR4pLLLaZ6veC2P7lZXg+FC8791U3rv4gH/Z9C2uexVfvWQ+rEy3x+3KvHqZQocLqEgCA+6ujRFaZxoqvhWFe+1ePUW/lgKC6lUIWd+DziSEQjv6tTezDllvvg6u1VjsjbIK+ZLz5vtRg/+86c6xAwCvyzYafbj2p5Z+jqdgJI+VHKB5BDz3U8qEIiMDATLUX9e9ODV\n",
            "public_key_pem": "-----BEGIN PUBLIC KEY-----\nMIIBIjANBgkqhkiG9w0BAQEFAAOCAQ8AMIIBCgKCAQEAwtFlG5X5RgPsG+eQpNlD\nyieFGN9XvjAD9XTOy5sQuyYerRgkP2qy1zrCDkkMQCuEZ5VUPK+dt7+WARpoeAaA\nqR6Mbxqyat/3jv+M4iDgBrHQtRkBYqtunFH7BqdOmsD4DwMAdfTk5yQ/mvDUeKSy\ny2mer3gtj+5WV4PhQvO/dVN67+IB/2fQtrnsVX71kPqxMt8ftyrx6mUKHC6hIAgP\nuro0RWmcaKr4VhXvtXj1Fv5YCgupVCFnfg84khEI7+rU3sw5Zb74OrtVY7I2yCvm\nS8+b7UYP/vOnOsQMAr8s2Gn249qeWfo6nYCSPlRygeQQ891PKhCIjAwEy1F/XvTg\n1QIDAQAB\n-----END PUBLIC KEY-----\n",
            "rsa_bits": 2048
          },
          "sensitive_attributes": []
        }
      ]
    },
    {
      "mode": "managed",
      "type": "tls_private_key",
      "name": "brokers-private-key",
      "provider": "provider[\"registry.terraform.io/hashicorp/tls\"]",
      "instances": [
        {
          "schema_version": 1,
          "attributes": {
            "algorithm": "RSA",
            "ecdsa_curve": "P224",
            "id": "44298bbe9497e1d646a0098af6fed14dc5f8d57a",
            "private_key_openssh": "-----BEGIN OPENSSH PRIVATE KEY-----\nb3BlbnNzaC1rZXktdjEAAAAABG5vbmUAAAAEbm9uZQAAAAAAAAABAAABFwAAAAdz\nc2gtcnNhAAAAAwEAAQAAAQEAwH26MI77NC954Pf96iABniQli0iLi2sE1LCTlcJ0\nBNMQoURKFFCcBOm+Sd3wuoStQ0mmMxX5yYctDjtYIy6wXYYpv9LB4e08ykjIHL8+\nKtpsnERFixnZms2Ed2cZcpqe9vRmewECXDjPcR0r/2N60rRXQhk83niTCqWPNP4k\nVFI0pbjLxmbFmfxJQg4E926NXNgGV/Ku3BYwaIS2wpUPhiu9Ebn5ijuufg90wkKI\nEB4RZelUIuD2CzlNERpR2h8oIHsuzB88WxzH0dUrJlxIDZr/hzCTlVSXEZuoqZA4\neKQPyPjHV75M5O1mOi6IIKGKsNmUAs/ZBpxltX5Kg3uR6wAAA7gWy335Fst9+QAA\nAAdzc2gtcnNhAAABAQDAfbowjvs0L3ng9/3qIAGeJCWLSIuLawTUsJOVwnQE0xCh\nREoUUJwE6b5J3fC6hK1DSaYzFfnJhy0OO1gjLrBdhim/0sHh7TzKSMgcvz4q2myc\nREWLGdmazYR3Zxlymp729GZ7AQJcOM9xHSv/Y3rStFdCGTzeeJMKpY80/iRUUjSl\nuMvGZsWZ/ElCDgT3bo1c2AZX8q7cFjBohLbClQ+GK70RufmKO65+D3TCQogQHhFl\n6VQi4PYLOU0RGlHaHyggey7MHzxbHMfR1SsmXEgNmv+HMJOVVJcRm6ipkDh4pA/I\n+MdXvkzk7WY6LoggoYqw2ZQCz9kGnGW1fkqDe5HrAAAAAwEAAQAAAQBgJm06lDEm\ngBCBL17F8/ba53NZf4M0wOBI3WrbA6awQj2sUFAwlZNZYOiMPTBh+qQRWFiMbA25\nfKwkz7/W0xuFm95+0ufF0prq8DAFLAIBpdlatT+HnAH2MXJZskYj2NhOwwXtqzNi\nnX4BInE3wJk5ZpuviKu+9Lt+NfSyo7/B3fBN08KqxiNH1eSmC0gB4lDrLfcMl5JW\nlICIqJ9oNAFpvB75ZvVwZaMIeSTY0mDTni9B38dbyQ+rfrL8WZsubLDPCI0p4sed\nRwjX+PUEswjfFom7FzuSOebE9I2dwV2yGiS/Coc4T4TrAxVT6lp74+QAc41DtMbI\ntohQpG2X6gYBAAAAgHs3iVCijyN21QwLjaSQlENfBNiCx0KZCL4MQJdeojMxAv1S\nfw+5B+HOxn3brg2EVbc4XslJhWxE4BFyjS4oErhxHs/0yjktkY3BqusyFJNblRFg\n4Mf/9sot7Aou6+E++FTMlp7BVOK0WH8BlYCssgmWqU39pUq6r+E9sSCWnY4PAAAA\ngQDXKvCUapw04leDxHKi2/0rGxbcFayEuxgSMytEoiyY+IXjUomXRrTLINlKvdF+\naOOd8KEskuuP7a+dzFsx6MUuvkYJVgZBZU7yjvTNvd6gwTTyC0M95P0gKLQlblGY\n7ClCCWf/lOr23OK+nXxflHxoOx/WGVRApXDivsTi0o8A8wAAAIEA5QUirPwhCjoT\nCBZht5Z7fy3+dR/gUs7b521VIOp0Jj4W5JbabxgF3D82T2nb8RUX5RGRJ1jGw4vI\nggNVln7tn9Re94W9APcw4cf+CtiJjyIcqX+sWB4H8Qm5EnpwdRruvQkEmDFBdxs/\ndCHUFDqT/mQGNZjjXVducaQLP648qSkAAAAAAQID\n-----END OPENSSH PRIVATE KEY-----\n",
            "private_key_pem": "-----BEGIN RSA PRIVATE KEY-----\nMIIEowIBAAKCAQEAwH26MI77NC954Pf96iABniQli0iLi2sE1LCTlcJ0BNMQoURK\nFFCcBOm+Sd3wuoStQ0mmMxX5yYctDjtYIy6wXYYpv9LB4e08ykjIHL8+KtpsnERF\nixnZms2Ed2cZcpqe9vRmewECXDjPcR0r/2N60rRXQhk83niTCqWPNP4kVFI0pbjL\nxmbFmfxJQg4E926NXNgGV/Ku3BYwaIS2wpUPhiu9Ebn5ijuufg90wkKIEB4RZelU\nIuD2CzlNERpR2h8oIHsuzB88WxzH0dUrJlxIDZr/hzCTlVSXEZuoqZA4eKQPyPjH\nV75M5O1mOi6IIKGKsNmUAs/ZBpxltX5Kg3uR6wIDAQABAoIBAGAmbTqUMSaAEIEv\nXsXz9trnc1l/gzTA4EjdatsDprBCPaxQUDCVk1lg6Iw9MGH6pBFYWIxsDbl8rCTP\nv9bTG4Wb3n7S58XSmurwMAUsAgGl2Vq1P4ecAfYxclmyRiPY2E7DBe2rM2KdfgEi\ncTfAmTlmm6+Iq770u3419LKjv8Hd8E3TwqrGI0fV5KYLSAHiUOst9wyXklaUgIio\nn2g0AWm8Hvlm9XBlowh5JNjSYNOeL0Hfx1vJD6t+svxZmy5ssM8IjSnix51HCNf4\n9QSzCN8WibsXO5I55sT0jZ3BXbIaJL8KhzhPhOsDFVPqWnvj5ABzjUO0xsi2iFCk\nbZfqBgECgYEA1yrwlGqcNOJXg8Ryotv9KxsW3BWshLsYEjMrRKIsmPiF41KJl0a0\nyyDZSr3RfmjjnfChLJLrj+2vncxbMejFLr5GCVYGQWVO8o70zb3eoME08gtDPeT9\nICi0JW5RmOwpQgln/5Tq9tzivp18X5R8aDsf1hlUQKVw4r7E4tKPAPMCgYEA5QUi\nrPwhCjoTCBZht5Z7fy3+dR/gUs7b521VIOp0Jj4W5JbabxgF3D82T2nb8RUX5RGR\nJ1jGw4vIggNVln7tn9Re94W9APcw4cf+CtiJjyIcqX+sWB4H8Qm5EnpwdRruvQkE\nmDFBdxs/dCHUFDqT/mQGNZjjXVducaQLP648qSkCgYEAomGajDdkyZhjeWLhLL0e\n89AO0Wtd9hGIWfvZ1IMbaxprWKIqikrnGEEjG3/jQSYBWWmHCS+brNQw68KUtDa5\n0Mvx6QvNzr6Y9P8kCr0W7XTB80TCq0xMJ1/wjCsUU3cur9KPdNe69zC9wiLyAOP7\ne2HbZeVZqyvv5H8Z8R/8ojcCgYAwm9RuTt1cZFMhxk5bPw9bQRHfHjLooItAJY6J\n+/lHHKqTPgmCxuCHjMskM93A369AqWfbqBYX7xVRsw95b9tTrymw86vYBp9TbLVY\n6/jWbnES8MxNr6IT4PJtH5u630qIyN82xk2U0C25omx3Fq/OsMA4pAiuCR6h9CWH\nEJ5DcQKBgHs3iVCijyN21QwLjaSQlENfBNiCx0KZCL4MQJdeojMxAv1Sfw+5B+HO\nxn3brg2EVbc4XslJhWxE4BFyjS4oErhxHs/0yjktkY3BqusyFJNblRFg4Mf/9sot\n7Aou6+E++FTMlp7BVOK0WH8BlYCssgmWqU39pUq6r+E9sSCWnY4P\n-----END RSA PRIVATE KEY-----\n",
            "private_key_pem_pkcs8": "-----BEGIN PRIVATE KEY-----\nMIIEvQIBADANBgkqhkiG9w0BAQEFAASCBKcwggSjAgEAAoIBAQDAfbowjvs0L3ng\n9/3qIAGeJCWLSIuLawTUsJOVwnQE0xChREoUUJwE6b5J3fC6hK1DSaYzFfnJhy0O\nO1gjLrBdhim/0sHh7TzKSMgcvz4q2mycREWLGdmazYR3Zxlymp729GZ7AQJcOM9x\nHSv/Y3rStFdCGTzeeJMKpY80/iRUUjSluMvGZsWZ/ElCDgT3bo1c2AZX8q7cFjBo\nhLbClQ+GK70RufmKO65+D3TCQogQHhFl6VQi4PYLOU0RGlHaHyggey7MHzxbHMfR\n1SsmXEgNmv+HMJOVVJcRm6ipkDh4pA/I+MdXvkzk7WY6LoggoYqw2ZQCz9kGnGW1\nfkqDe5HrAgMBAAECggEAYCZtOpQxJoAQgS9exfP22udzWX+DNMDgSN1q2wOmsEI9\nrFBQMJWTWWDojD0wYfqkEVhYjGwNuXysJM+/1tMbhZveftLnxdKa6vAwBSwCAaXZ\nWrU/h5wB9jFyWbJGI9jYTsMF7aszYp1+ASJxN8CZOWabr4irvvS7fjX0sqO/wd3w\nTdPCqsYjR9XkpgtIAeJQ6y33DJeSVpSAiKifaDQBabwe+Wb1cGWjCHkk2NJg054v\nQd/HW8kPq36y/FmbLmywzwiNKeLHnUcI1/j1BLMI3xaJuxc7kjnmxPSNncFdshok\nvwqHOE+E6wMVU+pae+PkAHONQ7TGyLaIUKRtl+oGAQKBgQDXKvCUapw04leDxHKi\n2/0rGxbcFayEuxgSMytEoiyY+IXjUomXRrTLINlKvdF+aOOd8KEskuuP7a+dzFsx\n6MUuvkYJVgZBZU7yjvTNvd6gwTTyC0M95P0gKLQlblGY7ClCCWf/lOr23OK+nXxf\nlHxoOx/WGVRApXDivsTi0o8A8wKBgQDlBSKs/CEKOhMIFmG3lnt/Lf51H+BSztvn\nbVUg6nQmPhbkltpvGAXcPzZPadvxFRflEZEnWMbDi8iCA1WWfu2f1F73hb0A9zDh\nx/4K2ImPIhypf6xYHgfxCbkSenB1Gu69CQSYMUF3Gz90IdQUOpP+ZAY1mONdV25x\npAs/rjypKQKBgQCiYZqMN2TJmGN5YuEsvR7z0A7Ra132EYhZ+9nUgxtrGmtYoiqK\nSucYQSMbf+NBJgFZaYcJL5us1DDrwpS0NrnQy/HpC83Ovpj0/yQKvRbtdMHzRMKr\nTEwnX/CMKxRTdy6v0o9017r3ML3CIvIA4/t7Ydtl5VmrK+/kfxnxH/yiNwKBgDCb\n1G5O3VxkUyHGTls/D1tBEd8eMuigi0Aljon7+UccqpM+CYLG4IeMyyQz3cDfr0Cp\nZ9uoFhfvFVGzD3lv21OvKbDzq9gGn1NstVjr+NZucRLwzE2vohPg8m0fm7rfSojI\n3zbGTZTQLbmibHcWr86wwDikCK4JHqH0JYcQnkNxAoGAezeJUKKPI3bVDAuNpJCU\nQ18E2ILHQpkIvgxAl16iMzEC/VJ/D7kH4c7GfduuDYRVtzheyUmFbETgEXKNLigS\nuHEez/TKOS2RjcGq6zIUk1uVEWDgx//2yi3sCi7r4T74VMyWnsFU4rRYfwGVgKyy\nCZapTf2lSrqv4T2xIJadjg8=\n-----END PRIVATE KEY-----\n",
            "public_key_fingerprint_md5": "cf:a4:45:94:16:bb:0f:82:06:2e:8b:9e:03:af:8c:38",
            "public_key_fingerprint_sha256": "SHA256:Q3Hqwma16VvTOzBZIoI2iRhpXU+hS04P6JyhZrtQi0k",
            "public_key_openssh": "ssh-rsa AAAAB3NzaC1yc2EAAAADAQABAAABAQDAfbowjvs0L3ng9/3qIAGeJCWLSIuLawTUsJOVwnQE0xChREoUUJwE6b5J3fC6hK1DSaYzFfnJhy0OO1gjLrBdhim/0sHh7TzKSMgcvz4q2mycREWLGdmazYR3Zxlymp729GZ7AQJcOM9xHSv/Y3rStFdCGTzeeJMKpY80/iRUUjSluMvGZsWZ/ElCDgT3bo1c2AZX8q7cFjBohLbClQ+GK70RufmKO65+D3TCQogQHhFl6VQi4PYLOU0RGlHaHyggey7MHzxbHMfR1SsmXEgNmv+HMJOVVJcRm6ipkDh4pA/I+MdXvkzk7WY6LoggoYqw2ZQCz9kGnGW1fkqDe5Hr\n",
            "public_key_pem": "-----BEGIN PUBLIC KEY-----\nMIIBIjANBgkqhkiG9w0BAQEFAAOCAQ8AMIIBCgKCAQEAwH26MI77NC954Pf96iAB\nniQli0iLi2sE1LCTlcJ0BNMQoURKFFCcBOm+Sd3wuoStQ0mmMxX5yYctDjtYIy6w\nXYYpv9LB4e08ykjIHL8+KtpsnERFixnZms2Ed2cZcpqe9vRmewECXDjPcR0r/2N6\n0rRXQhk83niTCqWPNP4kVFI0pbjLxmbFmfxJQg4E926NXNgGV/Ku3BYwaIS2wpUP\nhiu9Ebn5ijuufg90wkKIEB4RZelUIuD2CzlNERpR2h8oIHsuzB88WxzH0dUrJlxI\nDZr/hzCTlVSXEZuoqZA4eKQPyPjHV75M5O1mOi6IIKGKsNmUAs/ZBpxltX5Kg3uR\n6wIDAQAB\n-----END PUBLIC KEY-----\n",
            "rsa_bits": 2048
          },
          "sensitive_attributes": []
        }
      ]
    }
  ],
  "check_results": null
}
